// !$*UTF8*$!
{
	archiveVersion = 1;
	classes = {
	};
	objectVersion = 46;
	objects = {

/* Begin PBXBuildFile section */
		C401FAEC1B8D6D9A00B6F177 /* GLRenderBuffer.swift in Sources */ = {isa = PBXBuildFile; fileRef = C401FAEB1B8D6D9A00B6F177 /* GLRenderBuffer.swift */; };
		C401FAED1B8D6D9A00B6F177 /* GLRenderBuffer.swift in Sources */ = {isa = PBXBuildFile; fileRef = C401FAEB1B8D6D9A00B6F177 /* GLRenderBuffer.swift */; };
		C4024B6B1B56CF2E00761BB1 /* DrawDetailNavigationController.swift in Sources */ = {isa = PBXBuildFile; fileRef = C4024B691B56CEE500761BB1 /* DrawDetailNavigationController.swift */; };
		C404FA951B14601F004C2D8C /* PaintPoint.swift in Sources */ = {isa = PBXBuildFile; fileRef = C404FA921B144851004C2D8C /* PaintPoint.swift */; };
		C404FA9B1B178EBD004C2D8C /* PaintToolManager.swift in Sources */ = {isa = PBXBuildFile; fileRef = C404FA9A1B178EBD004C2D8C /* PaintToolManager.swift */; };
		C404FA9D1B1AF8F9004C2D8C /* PaintRecorder.swift in Sources */ = {isa = PBXBuildFile; fileRef = C404FA9C1B1AF8F9004C2D8C /* PaintRecorder.swift */; };
		C404FAA01B1AFB98004C2D8C /* FileManager.swift in Sources */ = {isa = PBXBuildFile; fileRef = C404FA9F1B1AFB98004C2D8C /* FileManager.swift */; };
		C404FAA31B1AFE01004C2D8C /* BrushTextureLoader.swift in Sources */ = {isa = PBXBuildFile; fileRef = C404FAA21B1AFE01004C2D8C /* BrushTextureLoader.swift */; };
		C42468161B21E0520053CB5B /* AlertViewManager.swift in Sources */ = {isa = PBXBuildFile; fileRef = C42468151B21E0520053CB5B /* AlertViewManager.swift */; };
		C433EEB51B5BC05900D5175F /* ImageSlicedRectangles.swift in Sources */ = {isa = PBXBuildFile; fileRef = C433EEB41B5BC05900D5175F /* ImageSlicedRectangles.swift */; };
		C433EEB61B5BC05900D5175F /* ImageSlicedRectangles.swift in Sources */ = {isa = PBXBuildFile; fileRef = C433EEB41B5BC05900D5175F /* ImageSlicedRectangles.swift */; };
		C433EEB81B5BC13000D5175F /* SliceRect.swift in Sources */ = {isa = PBXBuildFile; fileRef = C433EEB71B5BC13000D5175F /* SliceRect.swift */; };
		C433EEB91B5BC13000D5175F /* SliceRect.swift in Sources */ = {isa = PBXBuildFile; fileRef = C433EEB71B5BC13000D5175F /* SliceRect.swift */; };
		C433EEBB1B5D332F00D5175F /* GLLine.swift in Sources */ = {isa = PBXBuildFile; fileRef = C433EEBA1B5D332F00D5175F /* GLLine.swift */; };
		C433EEBC1B5D332F00D5175F /* GLLine.swift in Sources */ = {isa = PBXBuildFile; fileRef = C433EEBA1B5D332F00D5175F /* GLLine.swift */; };
		C442A8931B7B3B75000BB98F /* rect.vsh in Resources */ = {isa = PBXBuildFile; fileRef = C442A8921B7B3B75000BB98F /* rect.vsh */; };
		C442A8951B7B3B87000BB98F /* rect.fsh in Resources */ = {isa = PBXBuildFile; fileRef = C442A8941B7B3B87000BB98F /* rect.fsh */; };
		C44609271B7A571A00C34D04 /* GLRect.swift in Sources */ = {isa = PBXBuildFile; fileRef = C44609261B7A571A00C34D04 /* GLRect.swift */; };
		C44747781B83065E0093F019 /* CanvasCropView.swift in Sources */ = {isa = PBXBuildFile; fileRef = C4F49F401B83014B001E62AD /* CanvasCropView.swift */; };
		C447477D1B8317120093F019 /* Revise.swift in Sources */ = {isa = PBXBuildFile; fileRef = C447477C1B8317120093F019 /* Revise.swift */; };
		C447477E1B8317170093F019 /* AnnotationData.swift in Sources */ = {isa = PBXBuildFile; fileRef = C447477A1B83158F0093F019 /* AnnotationData.swift */; };
		C44747811B8333EC0093F019 /* ShadeView.swift in Sources */ = {isa = PBXBuildFile; fileRef = C44747801B8333EC0093F019 /* ShadeView.swift */; };
		C44747831B8334300093F019 /* ControlPointView.swift in Sources */ = {isa = PBXBuildFile; fileRef = C44747821B8334300093F019 /* ControlPointView.swift */; };
		C44A27991B5E21EB00A78C8E /* Texture.swift in Sources */ = {isa = PBXBuildFile; fileRef = D2B38FAE194E063800722470 /* Texture.swift */; };
		C44BB0991B48E504001B158A /* point.fsh in Resources */ = {isa = PBXBuildFile; fileRef = C44BB08F1B48E0EF001B158A /* point.fsh */; };
		C44BB09A1B48E504001B158A /* point.vsh in Resources */ = {isa = PBXBuildFile; fileRef = C44BB0901B48E0EF001B158A /* point.vsh */; };
		C44BB09D1B48E50E001B158A /* RenderTexture.fsh in Resources */ = {isa = PBXBuildFile; fileRef = C44BB0931B48E17D001B158A /* RenderTexture.fsh */; };
		C44BB09E1B48E50E001B158A /* RenderTexture.vsh in Resources */ = {isa = PBXBuildFile; fileRef = C44BB0941B48E17D001B158A /* RenderTexture.vsh */; };
		C44CF0A01B85B86100D6C43E /* ColorGradientView.swift in Sources */ = {isa = PBXBuildFile; fileRef = C44CF0941B85B84D00D6C43E /* ColorGradientView.swift */; };
		C44CF0A11B85B86100D6C43E /* ColorLayer.swift in Sources */ = {isa = PBXBuildFile; fileRef = C44CF0951B85B84D00D6C43E /* ColorLayer.swift */; };
		C44CF0A21B85B86100D6C43E /* ColorPicker.swift in Sources */ = {isa = PBXBuildFile; fileRef = C44CF0961B85B84D00D6C43E /* ColorPicker.swift */; };
		C44CF0A31B85B86100D6C43E /* CrossHairView.swift in Sources */ = {isa = PBXBuildFile; fileRef = C44CF0971B85B84D00D6C43E /* CrossHairView.swift */; };
		C44CF0A41B85B86100D6C43E /* MainColorView.swift in Sources */ = {isa = PBXBuildFile; fileRef = C44CF0981B85B84D00D6C43E /* MainColorView.swift */; };
		C44CF0A51B85B86100D6C43E /* SelectedColorView.swift in Sources */ = {isa = PBXBuildFile; fileRef = C44CF0991B85B84D00D6C43E /* SelectedColorView.swift */; };
		C44CF0A61B85BC4300D6C43E /* ColorGradientView.swift in Sources */ = {isa = PBXBuildFile; fileRef = C44CF0941B85B84D00D6C43E /* ColorGradientView.swift */; };
		C44CF0A71B85BC4300D6C43E /* ColorLayer.swift in Sources */ = {isa = PBXBuildFile; fileRef = C44CF0951B85B84D00D6C43E /* ColorLayer.swift */; };
		C44CF0A81B85BC4300D6C43E /* ColorPicker.swift in Sources */ = {isa = PBXBuildFile; fileRef = C44CF0961B85B84D00D6C43E /* ColorPicker.swift */; };
		C44CF0A91B85BC4300D6C43E /* CrossHairView.swift in Sources */ = {isa = PBXBuildFile; fileRef = C44CF0971B85B84D00D6C43E /* CrossHairView.swift */; };
		C44CF0AA1B85BC4300D6C43E /* MainColorView.swift in Sources */ = {isa = PBXBuildFile; fileRef = C44CF0981B85B84D00D6C43E /* MainColorView.swift */; };
		C44CF0AB1B85BC4300D6C43E /* SelectedColorView.swift in Sources */ = {isa = PBXBuildFile; fileRef = C44CF0991B85B84D00D6C43E /* SelectedColorView.swift */; };
		C458F59D1B538D2400FC1235 /* opencv2.framework in Frameworks */ = {isa = PBXBuildFile; fileRef = C458F59B1B538D1900FC1235 /* opencv2.framework */; };
		C458F5A11B54A62100FC1235 /* DotGameViewController.swift in Sources */ = {isa = PBXBuildFile; fileRef = C458F5A01B54A62100FC1235 /* DotGameViewController.swift */; };
		C458F5A31B54A6D500FC1235 /* DotGameScene.swift in Sources */ = {isa = PBXBuildFile; fileRef = C458F5A21B54A6D500FC1235 /* DotGameScene.swift */; };
		C458F5A61B54AA9500FC1235 /* ReferenceImageViewController.swift in Sources */ = {isa = PBXBuildFile; fileRef = C458F5A51B54AA9500FC1235 /* ReferenceImageViewController.swift */; };
		C458F5A81B54AB6000FC1235 /* CroppedRectangleManager.swift in Sources */ = {isa = PBXBuildFile; fileRef = C458F5A71B54AB6000FC1235 /* CroppedRectangleManager.swift */; };
		C458F5DF1B54C93100FC1235 /* DotSet.swift in Sources */ = {isa = PBXBuildFile; fileRef = C458F5DE1B54C93100FC1235 /* DotSet.swift */; };
		C458F5E11B54CD7B00FC1235 /* Dot.swift in Sources */ = {isa = PBXBuildFile; fileRef = C458F5E01B54CD7B00FC1235 /* Dot.swift */; };
		C458F5E31B54DE5800FC1235 /* DotStageLevelGenerator.swift in Sources */ = {isa = PBXBuildFile; fileRef = C458F5E21B54DE5800FC1235 /* DotStageLevelGenerator.swift */; };
		C46CB8661B0D9F33008C378B /* PaintView.swift in Sources */ = {isa = PBXBuildFile; fileRef = C46CB8651B0D9F33008C378B /* PaintView.swift */; };
		C46CB8681B0DA8BC008C378B /* PaintViewController.swift in Sources */ = {isa = PBXBuildFile; fileRef = C46CB8671B0DA8BC008C378B /* PaintViewController.swift */; };
		C478D8521B1F4C3A00FFF3D9 /* brush1.png in Resources */ = {isa = PBXBuildFile; fileRef = C478D84F1B1F4C3A00FFF3D9 /* brush1.png */; };
		C478D8531B1F4C3A00FFF3D9 /* brush2.png in Resources */ = {isa = PBXBuildFile; fileRef = C478D8501B1F4C3A00FFF3D9 /* brush2.png */; };
		C478D8541B1F4C3A00FFF3D9 /* Particle.png in Resources */ = {isa = PBXBuildFile; fileRef = C478D8511B1F4C3A00FFF3D9 /* Particle.png */; };
		C478D8561B1F7F1900FFF3D9 /* PointData.swift in Sources */ = {isa = PBXBuildFile; fileRef = C478D8551B1F7F1900FFF3D9 /* PointData.swift */; };
		C478D8581B20BD4400FFF3D9 /* PaintReplayer.swift in Sources */ = {isa = PBXBuildFile; fileRef = C478D8571B20BD4400FFF3D9 /* PaintReplayer.swift */; };
		C48306801B4BFE15006743DC /* UIAlertManager.swift in Sources */ = {isa = PBXBuildFile; fileRef = C483067F1B4BFE15006743DC /* UIAlertManager.swift */; };
		C4918E3E1B6383F600539433 /* RefImgManager.swift in Sources */ = {isa = PBXBuildFile; fileRef = C4918E3D1B6383F600539433 /* RefImgManager.swift */; };
		C49404771B2A045600BB975E /* FileBrowseViewController.swift in Sources */ = {isa = PBXBuildFile; fileRef = C49404751B2A039500BB975E /* FileBrowseViewController.swift */; };
		C49404791B2A0D7400BB975E /* SaveFileDialogViewController.swift in Sources */ = {isa = PBXBuildFile; fileRef = C49404781B2A0D7400BB975E /* SaveFileDialogViewController.swift */; };
		C49E21671B5E3E6D00D5A821 /* GLRenderTextureFrameBuffer.swift in Sources */ = {isa = PBXBuildFile; fileRef = C49E21661B5E3E6D00D5A821 /* GLRenderTextureFrameBuffer.swift */; };
		C4A0A9A41B8C1E7200190A33 /* ReviseManager.swift in Sources */ = {isa = PBXBuildFile; fileRef = C4A0A9A31B8C1E7200190A33 /* ReviseManager.swift */; };
		C4A0A9A61B8D3EFA00190A33 /* EdgeGestureHandler.swift in Sources */ = {isa = PBXBuildFile; fileRef = C4A0A9A51B8D3EFA00190A33 /* EdgeGestureHandler.swift */; };
		C4AE3C381B0CF39000C959C2 /* DemoScene.swift in Sources */ = {isa = PBXBuildFile; fileRef = D2F664041ADD7607003C1925 /* DemoScene.swift */; };
		C4AE3C3C1B0CF41500C959C2 /* Painter.swift in Sources */ = {isa = PBXBuildFile; fileRef = C4AE3C351B0CF26100C959C2 /* Painter.swift */; };
		C4AE3C3E1B0CF42200C959C2 /* PaintBrush.swift in Sources */ = {isa = PBXBuildFile; fileRef = C493D38D1B0CEE76001AB262 /* PaintBrush.swift */; };
		C4AE3C4A1B0D1DF200C959C2 /* PaintStroke.swift in Sources */ = {isa = PBXBuildFile; fileRef = C4AE3C441B0CF54F00C959C2 /* PaintStroke.swift */; };
		C4AE3C4B1B0D1DF900C959C2 /* PaintArtwork.swift in Sources */ = {isa = PBXBuildFile; fileRef = C4AE3C411B0CF53600C959C2 /* PaintArtwork.swift */; };
		C4AE3C4D1B0D1E8A00C959C2 /* CanvasInputHandler.swift in Sources */ = {isa = PBXBuildFile; fileRef = C4AE3C4C1B0D1E8A00C959C2 /* CanvasInputHandler.swift */; };
		C4B10D791B0E3FC0001BAAAB /* GLContextBuffer.swift in Sources */ = {isa = PBXBuildFile; fileRef = C4B10D771B0E3FC0001BAAAB /* GLContextBuffer.swift */; };
		C4B4D4191B4E3211004B926D /* FileTableViewController.swift in Sources */ = {isa = PBXBuildFile; fileRef = C4B4D4171B4E320D004B926D /* FileTableViewController.swift */; };
		C4B6C76C1B563CD50052BFC3 /* ReferenceImageScene.swift in Sources */ = {isa = PBXBuildFile; fileRef = C4B6C76A1B563C7F0052BFC3 /* ReferenceImageScene.swift */; };
		C4BD8CA91B274DA0000A20A4 /* TouchClassifier.swift in Sources */ = {isa = PBXBuildFile; fileRef = C4BD8CA71B274CE7000A20A4 /* TouchClassifier.swift */; };
		C4C5B9B81B0EFB1200D6AD4B /* GLTransformation.swift in Sources */ = {isa = PBXBuildFile; fileRef = C4C5B9B71B0EFB1200D6AD4B /* GLTransformation.swift */; };
		C4C5B9BA1B0EFB5400D6AD4B /* GLShaderBinder.swift in Sources */ = {isa = PBXBuildFile; fileRef = C4C5B9B91B0EFB5400D6AD4B /* GLShaderBinder.swift */; };
		C4C73BD61B5F1EC8008C0D36 /* Layer.swift in Sources */ = {isa = PBXBuildFile; fileRef = C4C73BD51B5F1EC8008C0D36 /* Layer.swift */; };
		C4CEB91D1B5F7C2E00EEDD9C /* MainMenu.xib in Resources */ = {isa = PBXBuildFile; fileRef = D2F663F71ADD7607003C1925 /* MainMenu.xib */; };
		C4EB7A781B86016100A33651 /* DialogueLine.swift in Sources */ = {isa = PBXBuildFile; fileRef = C4EB7A771B86016100A33651 /* DialogueLine.swift */; };
		C4EB7A7A1B86017500A33651 /* DialogueManager.swift in Sources */ = {isa = PBXBuildFile; fileRef = C4EB7A791B86017500A33651 /* DialogueManager.swift */; };
		C4EB7A7C1B86018300A33651 /* TypeWriter.swift in Sources */ = {isa = PBXBuildFile; fileRef = C4EB7A7B1B86018300A33651 /* TypeWriter.swift */; };
		C4EB7A7E1B86450F00A33651 /* Dialogue.swift in Sources */ = {isa = PBXBuildFile; fileRef = C4EB7A7D1B86450F00A33651 /* Dialogue.swift */; };
		C4EB7A7F1B86450F00A33651 /* Dialogue.swift in Sources */ = {isa = PBXBuildFile; fileRef = C4EB7A7D1B86450F00A33651 /* Dialogue.swift */; };
		C4EB7A801B8645D200A33651 /* DialogueLine.swift in Sources */ = {isa = PBXBuildFile; fileRef = C4EB7A771B86016100A33651 /* DialogueLine.swift */; };
		C4EB7A811B8645D600A33651 /* DialogueManager.swift in Sources */ = {isa = PBXBuildFile; fileRef = C4EB7A791B86017500A33651 /* DialogueManager.swift */; };
		C4EB7A821B8645D600A33651 /* TypeWriter.swift in Sources */ = {isa = PBXBuildFile; fileRef = C4EB7A7B1B86018300A33651 /* TypeWriter.swift */; };
		C4EB7A841B86483A00A33651 /* CanvasPanGestureHandler.swift in Sources */ = {isa = PBXBuildFile; fileRef = C4EB7A831B86483A00A33651 /* CanvasPanGestureHandler.swift */; };
		C4EB7A851B86483A00A33651 /* CanvasPanGestureHandler.swift in Sources */ = {isa = PBXBuildFile; fileRef = C4EB7A831B86483A00A33651 /* CanvasPanGestureHandler.swift */; };
		C4F1D2CC1B8EB79000634626 /* FaceComponent.swift in Sources */ = {isa = PBXBuildFile; fileRef = C4F1D2C61B8EB79000634626 /* FaceComponent.swift */; };
		C4F1D2CD1B8EB79000634626 /* FaceComponentSet.swift in Sources */ = {isa = PBXBuildFile; fileRef = C4F1D2C71B8EB79000634626 /* FaceComponentSet.swift */; };
		C4F1D2CE1B8EB79000634626 /* FaceGameScene.swift in Sources */ = {isa = PBXBuildFile; fileRef = C4F1D2C81B8EB79000634626 /* FaceGameScene.swift */; };
		C4F1D2CF1B8EB79000634626 /* FaceGameStageLevelGenerator.swift in Sources */ = {isa = PBXBuildFile; fileRef = C4F1D2C91B8EB79000634626 /* FaceGameStageLevelGenerator.swift */; };
		C4F1D2D01B8EB79000634626 /* FaceGameViewController.swift in Sources */ = {isa = PBXBuildFile; fileRef = C4F1D2CA1B8EB79000634626 /* FaceGameViewController.swift */; };
		C4F1D2D31B8EB9D200634626 /* GameLevelData.swift in Sources */ = {isa = PBXBuildFile; fileRef = C4F1D2D21B8EB9D200634626 /* GameLevelData.swift */; };
		C4FFAB7D1B8B7987009282FF /* TutorialIntrodutionPageViewController.swift in Sources */ = {isa = PBXBuildFile; fileRef = C4FFAB7C1B8B7987009282FF /* TutorialIntrodutionPageViewController.swift */; };
		D262B7FE19663A37004A2997 /* Constants.swift in Sources */ = {isa = PBXBuildFile; fileRef = D2CA623219512D24007B2DC2 /* Constants.swift */; };
		D262B7FF19663A37004A2997 /* Float.swift in Sources */ = {isa = PBXBuildFile; fileRef = D2AB3AE71945263000655A34 /* Float.swift */; };
		D262B80019663A37004A2997 /* Vec2.swift in Sources */ = {isa = PBXBuildFile; fileRef = D2AB3AD11944F08E00655A34 /* Vec2.swift */; };
		D262B80119663A37004A2997 /* Vec3.swift in Sources */ = {isa = PBXBuildFile; fileRef = D2AB3AE3194501D300655A34 /* Vec3.swift */; };
		D262B80219663A37004A2997 /* Vec4.swift in Sources */ = {isa = PBXBuildFile; fileRef = D2AB3AE519450A4D00655A34 /* Vec4.swift */; };
		D262B80319663A37004A2997 /* Mat4.swift in Sources */ = {isa = PBXBuildFile; fileRef = D20662C01947D8D2001D2FAC /* Mat4.swift */; };
		D262B80419663A37004A2997 /* Color.swift in Sources */ = {isa = PBXBuildFile; fileRef = D2AD3C3119575EC700798AEE /* Color.swift */; };
		D262B80519663A37004A2997 /* Shader.swift in Sources */ = {isa = PBXBuildFile; fileRef = D2AB3AE9194536CF00655A34 /* Shader.swift */; };
		D262B80619663A37004A2997 /* Vbo.swift in Sources */ = {isa = PBXBuildFile; fileRef = D2AB3AF11946795100655A34 /* Vbo.swift */; };
		D262B80719663A37004A2997 /* Vao.swift in Sources */ = {isa = PBXBuildFile; fileRef = D2AB3AF319468EDA00655A34 /* Vao.swift */; };
		D262B80B19663A52004A2997 /* Constants.swift in Sources */ = {isa = PBXBuildFile; fileRef = D2CA623219512D24007B2DC2 /* Constants.swift */; };
		D262B80C19663A52004A2997 /* Float.swift in Sources */ = {isa = PBXBuildFile; fileRef = D2AB3AE71945263000655A34 /* Float.swift */; };
		D262B80D19663A52004A2997 /* Vec2.swift in Sources */ = {isa = PBXBuildFile; fileRef = D2AB3AD11944F08E00655A34 /* Vec2.swift */; };
		D262B80E19663A52004A2997 /* Vec3.swift in Sources */ = {isa = PBXBuildFile; fileRef = D2AB3AE3194501D300655A34 /* Vec3.swift */; };
		D262B80F19663A52004A2997 /* Vec4.swift in Sources */ = {isa = PBXBuildFile; fileRef = D2AB3AE519450A4D00655A34 /* Vec4.swift */; };
		D262B81019663A52004A2997 /* Mat4.swift in Sources */ = {isa = PBXBuildFile; fileRef = D20662C01947D8D2001D2FAC /* Mat4.swift */; };
		D262B81119663A52004A2997 /* Color.swift in Sources */ = {isa = PBXBuildFile; fileRef = D2AD3C3119575EC700798AEE /* Color.swift */; };
		D262B81219663A52004A2997 /* Shader.swift in Sources */ = {isa = PBXBuildFile; fileRef = D2AB3AE9194536CF00655A34 /* Shader.swift */; };
		D262B81319663A52004A2997 /* Vbo.swift in Sources */ = {isa = PBXBuildFile; fileRef = D2AB3AF11946795100655A34 /* Vbo.swift */; };
		D262B81419663A52004A2997 /* Vao.swift in Sources */ = {isa = PBXBuildFile; fileRef = D2AB3AF319468EDA00655A34 /* Vao.swift */; };
		D262B81519663A52004A2997 /* Texture.swift in Sources */ = {isa = PBXBuildFile; fileRef = D2B38FAE194E063800722470 /* Texture.swift */; };
		D262B81819663F6A004A2997 /* LICENSE in Resources */ = {isa = PBXBuildFile; fileRef = D2AB3ADF194500D900655A34 /* LICENSE */; };
		D2A1901D1997F9C100830CA4 /* SwiftGL.framework in Frameworks */ = {isa = PBXBuildFile; fileRef = D2AB3AB51944F05700655A34 /* SwiftGL.framework */; };
		D2A1901E1997F9C100830CA4 /* SwiftGL.framework in Embed Frameworks */ = {isa = PBXBuildFile; fileRef = D2AB3AB51944F05700655A34 /* SwiftGL.framework */; settings = {ATTRIBUTES = (CodeSignOnCopy, RemoveHeadersOnCopy, ); }; };
		D2AB3AC11944F05700655A34 /* SwiftGL.framework in Frameworks */ = {isa = PBXBuildFile; fileRef = D2AB3AB51944F05700655A34 /* SwiftGL.framework */; };
		D2AB3AC81944F05700655A34 /* SwiftGLTests.swift in Sources */ = {isa = PBXBuildFile; fileRef = D2AB3AC71944F05700655A34 /* SwiftGLTests.swift */; };
		D2AB3AE1194500D900655A34 /* LICENSE in Resources */ = {isa = PBXBuildFile; fileRef = D2AB3ADF194500D900655A34 /* LICENSE */; };
		D2AB3AEC194536EB00655A34 /* OpenGL.framework in Frameworks */ = {isa = PBXBuildFile; fileRef = D2AB3AEB194536EB00655A34 /* OpenGL.framework */; };
		D2EE434A1953BF64007CC56F /* OpenGLES.framework in Frameworks */ = {isa = PBXBuildFile; fileRef = D2EE43491953BF64007CC56F /* OpenGLES.framework */; };
		D2EE43551953E42F007CC56F /* GLTest.m in Sources */ = {isa = PBXBuildFile; fileRef = D2EE43541953E42F007CC56F /* GLTest.m */; };
		D2F664161ADD7607003C1925 /* LaunchScreen.xib in Resources */ = {isa = PBXBuildFile; fileRef = D2F663F01ADD7607003C1925 /* LaunchScreen.xib */; };
		D2F664181ADD7607003C1925 /* Main.storyboard in Resources */ = {isa = PBXBuildFile; fileRef = D2F663F21ADD7607003C1925 /* Main.storyboard */; };
		D2F6641A1ADD7607003C1925 /* Images.xcassets in Resources */ = {isa = PBXBuildFile; fileRef = D2F663F41ADD7607003C1925 /* Images.xcassets */; };
		D2F6641F1ADD7607003C1925 /* Images.xcassets in Resources */ = {isa = PBXBuildFile; fileRef = D2F663F91ADD7607003C1925 /* Images.xcassets */; };
		D2F664241ADD7607003C1925 /* DemoShader1.fsh in Resources */ = {isa = PBXBuildFile; fileRef = D2F663FD1ADD7607003C1925 /* DemoShader1.fsh */; };
		D2F664261ADD7607003C1925 /* DemoShader1.vsh in Resources */ = {isa = PBXBuildFile; fileRef = D2F663FE1ADD7607003C1925 /* DemoShader1.vsh */; };
		D2F664271ADD7607003C1925 /* DemoShader1.fsh in Resources */ = {isa = PBXBuildFile; fileRef = D2F664001ADD7607003C1925 /* DemoShader1.fsh */; };
		D2F664291ADD7607003C1925 /* DemoShader1.vsh in Resources */ = {isa = PBXBuildFile; fileRef = D2F664011ADD7607003C1925 /* DemoShader1.vsh */; };
		D2F6642C1ADD7607003C1925 /* DemoScene.swift in Sources */ = {isa = PBXBuildFile; fileRef = D2F664041ADD7607003C1925 /* DemoScene.swift */; };
		D2F6642D1ADD7607003C1925 /* Engine.swift in Sources */ = {isa = PBXBuildFile; fileRef = D2F664051ADD7607003C1925 /* Engine.swift */; };
		D2F6642E1ADD7607003C1925 /* Engine.swift in Sources */ = {isa = PBXBuildFile; fileRef = D2F664051ADD7607003C1925 /* Engine.swift */; };
		D2F6642F1ADD7607003C1925 /* Scene.swift in Sources */ = {isa = PBXBuildFile; fileRef = D2F664061ADD7607003C1925 /* Scene.swift */; };
		D2F664301ADD7607003C1925 /* Scene.swift in Sources */ = {isa = PBXBuildFile; fileRef = D2F664061ADD7607003C1925 /* Scene.swift */; };
		D2F664311ADD7607003C1925 /* Vertex.swift in Sources */ = {isa = PBXBuildFile; fileRef = D2F664071ADD7607003C1925 /* Vertex.swift */; };
		D2F664321ADD7607003C1925 /* Vertex.swift in Sources */ = {isa = PBXBuildFile; fileRef = D2F664071ADD7607003C1925 /* Vertex.swift */; };
		D2F664341ADD7607003C1925 /* AppDelegate.swift in Sources */ = {isa = PBXBuildFile; fileRef = D2F664091ADD7607003C1925 /* AppDelegate.swift */; };
		D2F664371ADD7607003C1925 /* AppDelegate.swift in Sources */ = {isa = PBXBuildFile; fileRef = D2F6640C1ADD7607003C1925 /* AppDelegate.swift */; };
		D2F664391ADD7607003C1925 /* GLFullscreenWindow.swift in Sources */ = {isa = PBXBuildFile; fileRef = D2F6640D1ADD7607003C1925 /* GLFullscreenWindow.swift */; };
		D2F6643B1ADD7607003C1925 /* GLView.m in Sources */ = {isa = PBXBuildFile; fileRef = D2F6640F1ADD7607003C1925 /* GLView.m */; };
		D2F6643D1ADD7607003C1925 /* GLView.swift in Sources */ = {isa = PBXBuildFile; fileRef = D2F664101ADD7607003C1925 /* GLView.swift */; };
		D2F6643F1ADD7607003C1925 /* GLWindowController.m in Sources */ = {isa = PBXBuildFile; fileRef = D2F664111ADD7607003C1925 /* GLWindowController.m */; };
		D2F664411ADD7607003C1925 /* GLWindowController.swift in Sources */ = {isa = PBXBuildFile; fileRef = D2F664121ADD7607003C1925 /* GLWindowController.swift */; };
		D2F664431ADD7607003C1925 /* main.swift in Sources */ = {isa = PBXBuildFile; fileRef = D2F664131ADD7607003C1925 /* main.swift */; };
		D2F664451ADD7633003C1925 /* SwiftGL.framework in Frameworks */ = {isa = PBXBuildFile; fileRef = D2EE432F1953BE91007CC56F /* SwiftGL.framework */; };
		D2F664461ADD7633003C1925 /* SwiftGL.framework in Embed Frameworks */ = {isa = PBXBuildFile; fileRef = D2EE432F1953BE91007CC56F /* SwiftGL.framework */; settings = {ATTRIBUTES = (CodeSignOnCopy, RemoveHeadersOnCopy, ); }; };
/* End PBXBuildFile section */

/* Begin PBXContainerItemProxy section */
		D2A1901F1997F9C100830CA4 /* PBXContainerItemProxy */ = {
			isa = PBXContainerItemProxy;
			containerPortal = D2AB3AAC1944F05700655A34 /* Project object */;
			proxyType = 1;
			remoteGlobalIDString = D2AB3AB41944F05700655A34;
			remoteInfo = "SwiftGL-OSX";
		};
		D2AB3AC21944F05700655A34 /* PBXContainerItemProxy */ = {
			isa = PBXContainerItemProxy;
			containerPortal = D2AB3AAC1944F05700655A34 /* Project object */;
			proxyType = 1;
			remoteGlobalIDString = D2AB3AB41944F05700655A34;
			remoteInfo = SwiftGL;
		};
		D2F664471ADD7633003C1925 /* PBXContainerItemProxy */ = {
			isa = PBXContainerItemProxy;
			containerPortal = D2AB3AAC1944F05700655A34 /* Project object */;
			proxyType = 1;
			remoteGlobalIDString = D2EE432E1953BE91007CC56F;
			remoteInfo = "SwiftGL-iOS";
		};
/* End PBXContainerItemProxy section */

/* Begin PBXCopyFilesBuildPhase section */
		D2A190211997F9C200830CA4 /* Embed Frameworks */ = {
			isa = PBXCopyFilesBuildPhase;
			buildActionMask = 2147483647;
			dstPath = "";
			dstSubfolderSpec = 10;
			files = (
				D2A1901E1997F9C100830CA4 /* SwiftGL.framework in Embed Frameworks */,
			);
			name = "Embed Frameworks";
			runOnlyForDeploymentPostprocessing = 0;
		};
		D2F664491ADD7633003C1925 /* Embed Frameworks */ = {
			isa = PBXCopyFilesBuildPhase;
			buildActionMask = 2147483647;
			dstPath = "";
			dstSubfolderSpec = 10;
			files = (
				D2F664461ADD7633003C1925 /* SwiftGL.framework in Embed Frameworks */,
			);
			name = "Embed Frameworks";
			runOnlyForDeploymentPostprocessing = 0;
		};
/* End PBXCopyFilesBuildPhase section */

/* Begin PBXFileReference section */
		C401FAEB1B8D6D9A00B6F177 /* GLRenderBuffer.swift */ = {isa = PBXFileReference; fileEncoding = 4; lastKnownFileType = sourcecode.swift; path = GLRenderBuffer.swift; sourceTree = "<group>"; };
		C4024B691B56CEE500761BB1 /* DrawDetailNavigationController.swift */ = {isa = PBXFileReference; fileEncoding = 4; lastKnownFileType = sourcecode.swift; path = DrawDetailNavigationController.swift; sourceTree = "<group>"; };
		C404FA921B144851004C2D8C /* PaintPoint.swift */ = {isa = PBXFileReference; fileEncoding = 4; lastKnownFileType = sourcecode.swift; path = PaintPoint.swift; sourceTree = "<group>"; };
		C404FA9A1B178EBD004C2D8C /* PaintToolManager.swift */ = {isa = PBXFileReference; fileEncoding = 4; lastKnownFileType = sourcecode.swift; path = PaintToolManager.swift; sourceTree = "<group>"; };
		C404FA9C1B1AF8F9004C2D8C /* PaintRecorder.swift */ = {isa = PBXFileReference; fileEncoding = 4; lastKnownFileType = sourcecode.swift; path = PaintRecorder.swift; sourceTree = "<group>"; };
		C404FA9F1B1AFB98004C2D8C /* FileManager.swift */ = {isa = PBXFileReference; fileEncoding = 4; lastKnownFileType = sourcecode.swift; path = FileManager.swift; sourceTree = "<group>"; };
		C404FAA21B1AFE01004C2D8C /* BrushTextureLoader.swift */ = {isa = PBXFileReference; fileEncoding = 4; lastKnownFileType = sourcecode.swift; path = BrushTextureLoader.swift; sourceTree = "<group>"; };
		C42468151B21E0520053CB5B /* AlertViewManager.swift */ = {isa = PBXFileReference; fileEncoding = 4; lastKnownFileType = sourcecode.swift; path = AlertViewManager.swift; sourceTree = "<group>"; };
		C433EEB41B5BC05900D5175F /* ImageSlicedRectangles.swift */ = {isa = PBXFileReference; fileEncoding = 4; lastKnownFileType = sourcecode.swift; path = ImageSlicedRectangles.swift; sourceTree = "<group>"; };
		C433EEB71B5BC13000D5175F /* SliceRect.swift */ = {isa = PBXFileReference; fileEncoding = 4; lastKnownFileType = sourcecode.swift; path = SliceRect.swift; sourceTree = "<group>"; };
		C433EEBA1B5D332F00D5175F /* GLLine.swift */ = {isa = PBXFileReference; fileEncoding = 4; lastKnownFileType = sourcecode.swift; path = GLLine.swift; sourceTree = "<group>"; };
		C442A8921B7B3B75000BB98F /* rect.vsh */ = {isa = PBXFileReference; fileEncoding = 4; lastKnownFileType = sourcecode.glsl; path = rect.vsh; sourceTree = "<group>"; };
		C442A8941B7B3B87000BB98F /* rect.fsh */ = {isa = PBXFileReference; fileEncoding = 4; lastKnownFileType = sourcecode.glsl; path = rect.fsh; sourceTree = "<group>"; };
		C44609261B7A571A00C34D04 /* GLRect.swift */ = {isa = PBXFileReference; fileEncoding = 4; lastKnownFileType = sourcecode.swift; path = GLRect.swift; sourceTree = "<group>"; };
		C447477A1B83158F0093F019 /* AnnotationData.swift */ = {isa = PBXFileReference; fileEncoding = 4; lastKnownFileType = sourcecode.swift; path = AnnotationData.swift; sourceTree = "<group>"; };
		C447477C1B8317120093F019 /* Revise.swift */ = {isa = PBXFileReference; fileEncoding = 4; lastKnownFileType = sourcecode.swift; path = Revise.swift; sourceTree = "<group>"; };
		C44747801B8333EC0093F019 /* ShadeView.swift */ = {isa = PBXFileReference; fileEncoding = 4; lastKnownFileType = sourcecode.swift; path = ShadeView.swift; sourceTree = "<group>"; };
		C44747821B8334300093F019 /* ControlPointView.swift */ = {isa = PBXFileReference; fileEncoding = 4; lastKnownFileType = sourcecode.swift; path = ControlPointView.swift; sourceTree = "<group>"; };
		C44BB08F1B48E0EF001B158A /* point.fsh */ = {isa = PBXFileReference; fileEncoding = 4; lastKnownFileType = sourcecode.glsl; path = point.fsh; sourceTree = "<group>"; };
		C44BB0901B48E0EF001B158A /* point.vsh */ = {isa = PBXFileReference; fileEncoding = 4; lastKnownFileType = sourcecode.glsl; path = point.vsh; sourceTree = "<group>"; };
		C44BB0931B48E17D001B158A /* RenderTexture.fsh */ = {isa = PBXFileReference; fileEncoding = 4; lastKnownFileType = sourcecode.glsl; path = RenderTexture.fsh; sourceTree = "<group>"; };
		C44BB0941B48E17D001B158A /* RenderTexture.vsh */ = {isa = PBXFileReference; fileEncoding = 4; lastKnownFileType = sourcecode.glsl; path = RenderTexture.vsh; sourceTree = "<group>"; };
		C44CF0941B85B84D00D6C43E /* ColorGradientView.swift */ = {isa = PBXFileReference; fileEncoding = 4; lastKnownFileType = sourcecode.swift; path = ColorGradientView.swift; sourceTree = "<group>"; };
		C44CF0951B85B84D00D6C43E /* ColorLayer.swift */ = {isa = PBXFileReference; fileEncoding = 4; lastKnownFileType = sourcecode.swift; path = ColorLayer.swift; sourceTree = "<group>"; };
		C44CF0961B85B84D00D6C43E /* ColorPicker.swift */ = {isa = PBXFileReference; fileEncoding = 4; lastKnownFileType = sourcecode.swift; path = ColorPicker.swift; sourceTree = "<group>"; };
		C44CF0971B85B84D00D6C43E /* CrossHairView.swift */ = {isa = PBXFileReference; fileEncoding = 4; lastKnownFileType = sourcecode.swift; path = CrossHairView.swift; sourceTree = "<group>"; };
		C44CF0981B85B84D00D6C43E /* MainColorView.swift */ = {isa = PBXFileReference; fileEncoding = 4; lastKnownFileType = sourcecode.swift; path = MainColorView.swift; sourceTree = "<group>"; };
		C44CF0991B85B84D00D6C43E /* SelectedColorView.swift */ = {isa = PBXFileReference; fileEncoding = 4; lastKnownFileType = sourcecode.swift; path = SelectedColorView.swift; sourceTree = "<group>"; };
		C458F59B1B538D1900FC1235 /* opencv2.framework */ = {isa = PBXFileReference; lastKnownFileType = wrapper.framework; name = opencv2.framework; path = framework/opencv2.framework; sourceTree = "<group>"; };
		C458F5A01B54A62100FC1235 /* DotGameViewController.swift */ = {isa = PBXFileReference; fileEncoding = 4; lastKnownFileType = sourcecode.swift; path = DotGameViewController.swift; sourceTree = "<group>"; };
		C458F5A21B54A6D500FC1235 /* DotGameScene.swift */ = {isa = PBXFileReference; fileEncoding = 4; lastKnownFileType = sourcecode.swift; path = DotGameScene.swift; sourceTree = "<group>"; };
		C458F5A51B54AA9500FC1235 /* ReferenceImageViewController.swift */ = {isa = PBXFileReference; fileEncoding = 4; lastKnownFileType = sourcecode.swift; path = ReferenceImageViewController.swift; sourceTree = "<group>"; };
		C458F5A71B54AB6000FC1235 /* CroppedRectangleManager.swift */ = {isa = PBXFileReference; fileEncoding = 4; lastKnownFileType = sourcecode.swift; path = CroppedRectangleManager.swift; sourceTree = "<group>"; };
		C458F5DE1B54C93100FC1235 /* DotSet.swift */ = {isa = PBXFileReference; fileEncoding = 4; lastKnownFileType = sourcecode.swift; path = DotSet.swift; sourceTree = "<group>"; };
		C458F5E01B54CD7B00FC1235 /* Dot.swift */ = {isa = PBXFileReference; fileEncoding = 4; lastKnownFileType = sourcecode.swift; path = Dot.swift; sourceTree = "<group>"; };
		C458F5E21B54DE5800FC1235 /* DotStageLevelGenerator.swift */ = {isa = PBXFileReference; fileEncoding = 4; lastKnownFileType = sourcecode.swift; path = DotStageLevelGenerator.swift; sourceTree = "<group>"; };
		C46CB8651B0D9F33008C378B /* PaintView.swift */ = {isa = PBXFileReference; fileEncoding = 4; lastKnownFileType = sourcecode.swift; path = PaintView.swift; sourceTree = "<group>"; };
		C46CB8671B0DA8BC008C378B /* PaintViewController.swift */ = {isa = PBXFileReference; fileEncoding = 4; lastKnownFileType = sourcecode.swift; name = PaintViewController.swift; path = ../../Resources/iOS/PaintViewController.swift; sourceTree = "<group>"; };
		C478D84F1B1F4C3A00FFF3D9 /* brush1.png */ = {isa = PBXFileReference; lastKnownFileType = image.png; path = brush1.png; sourceTree = "<group>"; };
		C478D8501B1F4C3A00FFF3D9 /* brush2.png */ = {isa = PBXFileReference; lastKnownFileType = image.png; path = brush2.png; sourceTree = "<group>"; };
		C478D8511B1F4C3A00FFF3D9 /* Particle.png */ = {isa = PBXFileReference; lastKnownFileType = image.png; path = Particle.png; sourceTree = "<group>"; };
		C478D8551B1F7F1900FFF3D9 /* PointData.swift */ = {isa = PBXFileReference; fileEncoding = 4; lastKnownFileType = sourcecode.swift; path = PointData.swift; sourceTree = "<group>"; };
		C478D8571B20BD4400FFF3D9 /* PaintReplayer.swift */ = {isa = PBXFileReference; fileEncoding = 4; lastKnownFileType = sourcecode.swift; path = PaintReplayer.swift; sourceTree = "<group>"; };
		C483067F1B4BFE15006743DC /* UIAlertManager.swift */ = {isa = PBXFileReference; fileEncoding = 4; lastKnownFileType = sourcecode.swift; path = UIAlertManager.swift; sourceTree = "<group>"; };
		C4918E3D1B6383F600539433 /* RefImgManager.swift */ = {isa = PBXFileReference; fileEncoding = 4; lastKnownFileType = sourcecode.swift; path = RefImgManager.swift; sourceTree = "<group>"; };
		C493D38D1B0CEE76001AB262 /* PaintBrush.swift */ = {isa = PBXFileReference; fileEncoding = 4; lastKnownFileType = sourcecode.swift; path = PaintBrush.swift; sourceTree = "<group>"; };
		C49404751B2A039500BB975E /* FileBrowseViewController.swift */ = {isa = PBXFileReference; fileEncoding = 4; lastKnownFileType = sourcecode.swift; path = FileBrowseViewController.swift; sourceTree = "<group>"; };
		C49404781B2A0D7400BB975E /* SaveFileDialogViewController.swift */ = {isa = PBXFileReference; fileEncoding = 4; lastKnownFileType = sourcecode.swift; path = SaveFileDialogViewController.swift; sourceTree = "<group>"; };
		C49E21661B5E3E6D00D5A821 /* GLRenderTextureFrameBuffer.swift */ = {isa = PBXFileReference; fileEncoding = 4; lastKnownFileType = sourcecode.swift; path = GLRenderTextureFrameBuffer.swift; sourceTree = "<group>"; };
		C4A0A9A31B8C1E7200190A33 /* ReviseManager.swift */ = {isa = PBXFileReference; fileEncoding = 4; lastKnownFileType = sourcecode.swift; path = ReviseManager.swift; sourceTree = "<group>"; };
		C4A0A9A51B8D3EFA00190A33 /* EdgeGestureHandler.swift */ = {isa = PBXFileReference; fileEncoding = 4; lastKnownFileType = sourcecode.swift; path = EdgeGestureHandler.swift; sourceTree = "<group>"; };
		C4AE3C351B0CF26100C959C2 /* Painter.swift */ = {isa = PBXFileReference; fileEncoding = 4; lastKnownFileType = sourcecode.swift; path = Painter.swift; sourceTree = "<group>"; };
		C4AE3C411B0CF53600C959C2 /* PaintArtwork.swift */ = {isa = PBXFileReference; fileEncoding = 4; lastKnownFileType = sourcecode.swift; path = PaintArtwork.swift; sourceTree = "<group>"; };
		C4AE3C441B0CF54F00C959C2 /* PaintStroke.swift */ = {isa = PBXFileReference; fileEncoding = 4; lastKnownFileType = sourcecode.swift; path = PaintStroke.swift; sourceTree = "<group>"; };
		C4AE3C4C1B0D1E8A00C959C2 /* CanvasInputHandler.swift */ = {isa = PBXFileReference; fileEncoding = 4; lastKnownFileType = sourcecode.swift; path = CanvasInputHandler.swift; sourceTree = "<group>"; };
		C4B10D771B0E3FC0001BAAAB /* GLContextBuffer.swift */ = {isa = PBXFileReference; fileEncoding = 4; lastKnownFileType = sourcecode.swift; path = GLContextBuffer.swift; sourceTree = "<group>"; };
		C4B4D4171B4E320D004B926D /* FileTableViewController.swift */ = {isa = PBXFileReference; fileEncoding = 4; lastKnownFileType = sourcecode.swift; path = FileTableViewController.swift; sourceTree = "<group>"; };
		C4B6C76A1B563C7F0052BFC3 /* ReferenceImageScene.swift */ = {isa = PBXFileReference; fileEncoding = 4; lastKnownFileType = sourcecode.swift; path = ReferenceImageScene.swift; sourceTree = "<group>"; };
		C4BD8CA71B274CE7000A20A4 /* TouchClassifier.swift */ = {isa = PBXFileReference; fileEncoding = 4; lastKnownFileType = sourcecode.swift; path = TouchClassifier.swift; sourceTree = "<group>"; };
		C4BD8CAC1B28434E000A20A4 /* SwiftGL-Demo-iOS.entitlements */ = {isa = PBXFileReference; lastKnownFileType = text.xml; path = "SwiftGL-Demo-iOS.entitlements"; sourceTree = "<group>"; };
		C4C5B9B71B0EFB1200D6AD4B /* GLTransformation.swift */ = {isa = PBXFileReference; fileEncoding = 4; lastKnownFileType = sourcecode.swift; path = GLTransformation.swift; sourceTree = "<group>"; };
		C4C5B9B91B0EFB5400D6AD4B /* GLShaderBinder.swift */ = {isa = PBXFileReference; fileEncoding = 4; lastKnownFileType = sourcecode.swift; path = GLShaderBinder.swift; sourceTree = "<group>"; };
		C4C73BD51B5F1EC8008C0D36 /* Layer.swift */ = {isa = PBXFileReference; fileEncoding = 4; lastKnownFileType = sourcecode.swift; path = Layer.swift; sourceTree = "<group>"; };
		C4EB7A771B86016100A33651 /* DialogueLine.swift */ = {isa = PBXFileReference; fileEncoding = 4; lastKnownFileType = sourcecode.swift; path = DialogueLine.swift; sourceTree = "<group>"; };
		C4EB7A791B86017500A33651 /* DialogueManager.swift */ = {isa = PBXFileReference; fileEncoding = 4; lastKnownFileType = sourcecode.swift; path = DialogueManager.swift; sourceTree = "<group>"; };
		C4EB7A7B1B86018300A33651 /* TypeWriter.swift */ = {isa = PBXFileReference; fileEncoding = 4; lastKnownFileType = sourcecode.swift; path = TypeWriter.swift; sourceTree = "<group>"; };
		C4EB7A7D1B86450F00A33651 /* Dialogue.swift */ = {isa = PBXFileReference; fileEncoding = 4; lastKnownFileType = sourcecode.swift; path = Dialogue.swift; sourceTree = "<group>"; };
		C4EB7A831B86483A00A33651 /* CanvasPanGestureHandler.swift */ = {isa = PBXFileReference; fileEncoding = 4; lastKnownFileType = sourcecode.swift; path = CanvasPanGestureHandler.swift; sourceTree = "<group>"; };
		C4F1D2C61B8EB79000634626 /* FaceComponent.swift */ = {isa = PBXFileReference; fileEncoding = 4; lastKnownFileType = sourcecode.swift; path = FaceComponent.swift; sourceTree = "<group>"; };
		C4F1D2C71B8EB79000634626 /* FaceComponentSet.swift */ = {isa = PBXFileReference; fileEncoding = 4; lastKnownFileType = sourcecode.swift; path = FaceComponentSet.swift; sourceTree = "<group>"; };
		C4F1D2C81B8EB79000634626 /* FaceGameScene.swift */ = {isa = PBXFileReference; fileEncoding = 4; lastKnownFileType = sourcecode.swift; path = FaceGameScene.swift; sourceTree = "<group>"; };
		C4F1D2C91B8EB79000634626 /* FaceGameStageLevelGenerator.swift */ = {isa = PBXFileReference; fileEncoding = 4; lastKnownFileType = sourcecode.swift; path = FaceGameStageLevelGenerator.swift; sourceTree = "<group>"; };
		C4F1D2CA1B8EB79000634626 /* FaceGameViewController.swift */ = {isa = PBXFileReference; fileEncoding = 4; lastKnownFileType = sourcecode.swift; path = FaceGameViewController.swift; sourceTree = "<group>"; };
		C4F1D2D21B8EB9D200634626 /* GameLevelData.swift */ = {isa = PBXFileReference; fileEncoding = 4; lastKnownFileType = sourcecode.swift; path = GameLevelData.swift; sourceTree = "<group>"; };
		C4F49F401B83014B001E62AD /* CanvasCropView.swift */ = {isa = PBXFileReference; fileEncoding = 4; lastKnownFileType = sourcecode.swift; path = CanvasCropView.swift; sourceTree = "<group>"; };
		C4FFAB7C1B8B7987009282FF /* TutorialIntrodutionPageViewController.swift */ = {isa = PBXFileReference; fileEncoding = 4; lastKnownFileType = sourcecode.swift; path = TutorialIntrodutionPageViewController.swift; sourceTree = "<group>"; };
		D20662C01947D8D2001D2FAC /* Mat4.swift */ = {isa = PBXFileReference; fileEncoding = 4; lastKnownFileType = sourcecode.swift; path = Mat4.swift; sourceTree = "<group>"; };
		D2A18FDF1997F8E000830CA4 /* SwiftGL-Demo-OSX.app */ = {isa = PBXFileReference; explicitFileType = wrapper.application; includeInIndex = 0; path = "SwiftGL-Demo-OSX.app"; sourceTree = BUILT_PRODUCTS_DIR; };
		D2AB3AB51944F05700655A34 /* SwiftGL.framework */ = {isa = PBXFileReference; explicitFileType = wrapper.framework; includeInIndex = 0; path = SwiftGL.framework; sourceTree = BUILT_PRODUCTS_DIR; };
		D2AB3AB91944F05700655A34 /* Info.plist */ = {isa = PBXFileReference; lastKnownFileType = text.plist.xml; path = Info.plist; sourceTree = "<group>"; };
		D2AB3AC01944F05700655A34 /* SwiftGLTests.xctest */ = {isa = PBXFileReference; explicitFileType = wrapper.cfbundle; includeInIndex = 0; path = SwiftGLTests.xctest; sourceTree = BUILT_PRODUCTS_DIR; };
		D2AB3AC61944F05700655A34 /* Info.plist */ = {isa = PBXFileReference; lastKnownFileType = text.plist.xml; path = Info.plist; sourceTree = "<group>"; };
		D2AB3AC71944F05700655A34 /* SwiftGLTests.swift */ = {isa = PBXFileReference; lastKnownFileType = sourcecode.swift; path = SwiftGLTests.swift; sourceTree = "<group>"; };
		D2AB3AD11944F08E00655A34 /* Vec2.swift */ = {isa = PBXFileReference; fileEncoding = 4; lastKnownFileType = sourcecode.swift; path = Vec2.swift; sourceTree = "<group>"; };
		D2AB3ADF194500D900655A34 /* LICENSE */ = {isa = PBXFileReference; fileEncoding = 4; lastKnownFileType = text; path = LICENSE; sourceTree = "<group>"; };
		D2AB3AE0194500D900655A34 /* README.md */ = {isa = PBXFileReference; fileEncoding = 4; lastKnownFileType = net.daringfireball.markdown; path = README.md; sourceTree = "<group>"; };
		D2AB3AE3194501D300655A34 /* Vec3.swift */ = {isa = PBXFileReference; fileEncoding = 4; lastKnownFileType = sourcecode.swift; path = Vec3.swift; sourceTree = "<group>"; };
		D2AB3AE519450A4D00655A34 /* Vec4.swift */ = {isa = PBXFileReference; fileEncoding = 4; lastKnownFileType = sourcecode.swift; path = Vec4.swift; sourceTree = "<group>"; };
		D2AB3AE71945263000655A34 /* Float.swift */ = {isa = PBXFileReference; fileEncoding = 4; lastKnownFileType = sourcecode.swift; path = Float.swift; sourceTree = "<group>"; };
		D2AB3AE9194536CF00655A34 /* Shader.swift */ = {isa = PBXFileReference; fileEncoding = 4; lastKnownFileType = sourcecode.swift; path = Shader.swift; sourceTree = "<group>"; };
		D2AB3AEB194536EB00655A34 /* OpenGL.framework */ = {isa = PBXFileReference; lastKnownFileType = wrapper.framework; name = OpenGL.framework; path = System/Library/Frameworks/OpenGL.framework; sourceTree = SDKROOT; };
		D2AB3AF11946795100655A34 /* Vbo.swift */ = {isa = PBXFileReference; fileEncoding = 4; lastKnownFileType = sourcecode.swift; path = Vbo.swift; sourceTree = "<group>"; };
		D2AB3AF319468EDA00655A34 /* Vao.swift */ = {isa = PBXFileReference; fileEncoding = 4; lastKnownFileType = sourcecode.swift; path = Vao.swift; sourceTree = "<group>"; };
		D2AD3C3119575EC700798AEE /* Color.swift */ = {isa = PBXFileReference; fileEncoding = 4; lastKnownFileType = sourcecode.swift; path = Color.swift; sourceTree = "<group>"; };
		D2B38FAE194E063800722470 /* Texture.swift */ = {isa = PBXFileReference; fileEncoding = 4; lastKnownFileType = sourcecode.swift; path = Texture.swift; sourceTree = "<group>"; };
		D2CA623219512D24007B2DC2 /* Constants.swift */ = {isa = PBXFileReference; fileEncoding = 4; lastKnownFileType = sourcecode.swift; path = Constants.swift; sourceTree = "<group>"; };
		D2EE432F1953BE91007CC56F /* SwiftGL.framework */ = {isa = PBXFileReference; explicitFileType = wrapper.framework; includeInIndex = 0; path = SwiftGL.framework; sourceTree = BUILT_PRODUCTS_DIR; };
		D2EE43491953BF64007CC56F /* OpenGLES.framework */ = {isa = PBXFileReference; lastKnownFileType = wrapper.framework; name = OpenGLES.framework; path = Platforms/iPhoneOS.platform/Developer/SDKs/iPhoneOS8.0.sdk/System/Library/Frameworks/OpenGLES.framework; sourceTree = DEVELOPER_DIR; };
		D2EE434F1953DF1B007CC56F /* SwiftGLTests-Bridging-Header.h */ = {isa = PBXFileReference; lastKnownFileType = sourcecode.c.h; name = "SwiftGLTests-Bridging-Header.h"; path = "../../SwiftGLTests/SwiftGLTests-Bridging-Header.h"; sourceTree = "<group>"; };
		D2EE43541953E42F007CC56F /* GLTest.m */ = {isa = PBXFileReference; fileEncoding = 4; lastKnownFileType = sourcecode.c.objc; path = GLTest.m; sourceTree = "<group>"; };
		D2F663141ADD7417003C1925 /* SwiftGL-Demo-iOS.app */ = {isa = PBXFileReference; explicitFileType = wrapper.application; includeInIndex = 0; path = "SwiftGL-Demo-iOS.app"; sourceTree = BUILT_PRODUCTS_DIR; };
		D2F663F11ADD7607003C1925 /* Base */ = {isa = PBXFileReference; lastKnownFileType = file.xib; name = Base; path = Base.lproj/LaunchScreen.xib; sourceTree = "<group>"; };
		D2F663F31ADD7607003C1925 /* Base */ = {isa = PBXFileReference; lastKnownFileType = file.storyboard; name = Base; path = Base.lproj/Main.storyboard; sourceTree = "<group>"; };
		D2F663F41ADD7607003C1925 /* Images.xcassets */ = {isa = PBXFileReference; lastKnownFileType = folder.assetcatalog; path = Images.xcassets; sourceTree = "<group>"; };
		D2F663F51ADD7607003C1925 /* Info.plist */ = {isa = PBXFileReference; fileEncoding = 4; lastKnownFileType = text.plist.xml; path = Info.plist; sourceTree = "<group>"; };
		D2F663F81ADD7607003C1925 /* Base */ = {isa = PBXFileReference; lastKnownFileType = file.xib; name = Base; path = Base.lproj/MainMenu.xib; sourceTree = "<group>"; };
		D2F663F91ADD7607003C1925 /* Images.xcassets */ = {isa = PBXFileReference; lastKnownFileType = folder.assetcatalog; path = Images.xcassets; sourceTree = "<group>"; };
		D2F663FA1ADD7607003C1925 /* Info.plist */ = {isa = PBXFileReference; fileEncoding = 4; lastKnownFileType = text.plist.xml; path = Info.plist; sourceTree = "<group>"; };
		D2F663FD1ADD7607003C1925 /* DemoShader1.fsh */ = {isa = PBXFileReference; fileEncoding = 4; lastKnownFileType = sourcecode.glsl; path = DemoShader1.fsh; sourceTree = "<group>"; };
		D2F663FE1ADD7607003C1925 /* DemoShader1.vsh */ = {isa = PBXFileReference; fileEncoding = 4; lastKnownFileType = sourcecode.glsl; path = DemoShader1.vsh; sourceTree = "<group>"; };
		D2F664001ADD7607003C1925 /* DemoShader1.fsh */ = {isa = PBXFileReference; fileEncoding = 4; lastKnownFileType = sourcecode.glsl; path = DemoShader1.fsh; sourceTree = "<group>"; };
		D2F664011ADD7607003C1925 /* DemoShader1.vsh */ = {isa = PBXFileReference; fileEncoding = 4; lastKnownFileType = sourcecode.glsl; path = DemoShader1.vsh; sourceTree = "<group>"; };
		D2F664041ADD7607003C1925 /* DemoScene.swift */ = {isa = PBXFileReference; fileEncoding = 4; lastKnownFileType = sourcecode.swift; path = DemoScene.swift; sourceTree = "<group>"; };
		D2F664051ADD7607003C1925 /* Engine.swift */ = {isa = PBXFileReference; fileEncoding = 4; lastKnownFileType = sourcecode.swift; path = Engine.swift; sourceTree = "<group>"; };
		D2F664061ADD7607003C1925 /* Scene.swift */ = {isa = PBXFileReference; fileEncoding = 4; lastKnownFileType = sourcecode.swift; path = Scene.swift; sourceTree = "<group>"; };
		D2F664071ADD7607003C1925 /* Vertex.swift */ = {isa = PBXFileReference; fileEncoding = 4; lastKnownFileType = sourcecode.swift; path = Vertex.swift; sourceTree = "<group>"; };
		D2F664091ADD7607003C1925 /* AppDelegate.swift */ = {isa = PBXFileReference; fileEncoding = 4; lastKnownFileType = sourcecode.swift; path = AppDelegate.swift; sourceTree = "<group>"; };
		D2F6640C1ADD7607003C1925 /* AppDelegate.swift */ = {isa = PBXFileReference; fileEncoding = 4; lastKnownFileType = sourcecode.swift; path = AppDelegate.swift; sourceTree = "<group>"; };
		D2F6640D1ADD7607003C1925 /* GLFullscreenWindow.swift */ = {isa = PBXFileReference; fileEncoding = 4; lastKnownFileType = sourcecode.swift; path = GLFullscreenWindow.swift; sourceTree = "<group>"; };
		D2F6640E1ADD7607003C1925 /* GLView.h */ = {isa = PBXFileReference; fileEncoding = 4; lastKnownFileType = sourcecode.c.h; path = GLView.h; sourceTree = "<group>"; };
		D2F6640F1ADD7607003C1925 /* GLView.m */ = {isa = PBXFileReference; fileEncoding = 4; lastKnownFileType = sourcecode.c.objc; path = GLView.m; sourceTree = "<group>"; };
		D2F664101ADD7607003C1925 /* GLView.swift */ = {isa = PBXFileReference; fileEncoding = 4; lastKnownFileType = sourcecode.swift; path = GLView.swift; sourceTree = "<group>"; };
		D2F664111ADD7607003C1925 /* GLWindowController.m */ = {isa = PBXFileReference; fileEncoding = 4; lastKnownFileType = sourcecode.c.objc; path = GLWindowController.m; sourceTree = "<group>"; };
		D2F664121ADD7607003C1925 /* GLWindowController.swift */ = {isa = PBXFileReference; fileEncoding = 4; lastKnownFileType = sourcecode.swift; path = GLWindowController.swift; sourceTree = "<group>"; };
		D2F664131ADD7607003C1925 /* main.swift */ = {isa = PBXFileReference; fileEncoding = 4; lastKnownFileType = sourcecode.swift; path = main.swift; sourceTree = "<group>"; };
		D2F664141ADD7607003C1925 /* SwiftGL-Demo-Bridging-Header.h */ = {isa = PBXFileReference; fileEncoding = 4; lastKnownFileType = sourcecode.c.h; path = "SwiftGL-Demo-Bridging-Header.h"; sourceTree = "<group>"; };
/* End PBXFileReference section */

/* Begin PBXFrameworksBuildPhase section */
		D2A18FDC1997F8E000830CA4 /* Frameworks */ = {
			isa = PBXFrameworksBuildPhase;
			buildActionMask = 2147483647;
			files = (
				D2A1901D1997F9C100830CA4 /* SwiftGL.framework in Frameworks */,
			);
			runOnlyForDeploymentPostprocessing = 0;
		};
		D2AB3AB11944F05700655A34 /* Frameworks */ = {
			isa = PBXFrameworksBuildPhase;
			buildActionMask = 2147483647;
			files = (
				D2AB3AEC194536EB00655A34 /* OpenGL.framework in Frameworks */,
			);
			runOnlyForDeploymentPostprocessing = 0;
		};
		D2AB3ABD1944F05700655A34 /* Frameworks */ = {
			isa = PBXFrameworksBuildPhase;
			buildActionMask = 2147483647;
			files = (
				D2AB3AC11944F05700655A34 /* SwiftGL.framework in Frameworks */,
			);
			runOnlyForDeploymentPostprocessing = 0;
		};
		D2EE432B1953BE91007CC56F /* Frameworks */ = {
			isa = PBXFrameworksBuildPhase;
			buildActionMask = 2147483647;
			files = (
				D2EE434A1953BF64007CC56F /* OpenGLES.framework in Frameworks */,
			);
			runOnlyForDeploymentPostprocessing = 0;
		};
		D2F663111ADD7417003C1925 /* Frameworks */ = {
			isa = PBXFrameworksBuildPhase;
			buildActionMask = 2147483647;
			files = (
				C458F59D1B538D2400FC1235 /* opencv2.framework in Frameworks */,
				D2F664451ADD7633003C1925 /* SwiftGL.framework in Frameworks */,
			);
			runOnlyForDeploymentPostprocessing = 0;
		};
/* End PBXFrameworksBuildPhase section */

/* Begin PBXGroup section */
		C404FA9E1B1AF916004C2D8C /* PaintData */ = {
			isa = PBXGroup;
			children = (
				C404FA921B144851004C2D8C /* PaintPoint.swift */,
				C4AE3C411B0CF53600C959C2 /* PaintArtwork.swift */,
				C4AE3C441B0CF54F00C959C2 /* PaintStroke.swift */,
				C478D8551B1F7F1900FFF3D9 /* PointData.swift */,
			);
			name = PaintData;
			sourceTree = "<group>";
		};
		C404FAA11B1AFDBB004C2D8C /* Data */ = {
			isa = PBXGroup;
			children = (
				C404FAA21B1AFE01004C2D8C /* BrushTextureLoader.swift */,
			);
			name = Data;
			sourceTree = "<group>";
		};
		C42468141B21E0250053CB5B /* UI */ = {
			isa = PBXGroup;
			children = (
				C42468151B21E0520053CB5B /* AlertViewManager.swift */,
			);
			name = UI;
			sourceTree = "<group>";
		};
		C441B9B51B82FF330059427A /* Revise and Tag */ = {
			isa = PBXGroup;
			children = (
				C447477F1B8333D80093F019 /* CropViews */,
				C44747791B83157C0093F019 /* SaveData */,
				C447477C1B8317120093F019 /* Revise.swift */,
				C4A0A9A31B8C1E7200190A33 /* ReviseManager.swift */,
			);
			name = "Revise and Tag";
			sourceTree = "<group>";
		};
		C44747791B83157C0093F019 /* SaveData */ = {
			isa = PBXGroup;
			children = (
				C447477A1B83158F0093F019 /* AnnotationData.swift */,
			);
			name = SaveData;
			sourceTree = "<group>";
		};
		C447477F1B8333D80093F019 /* CropViews */ = {
			isa = PBXGroup;
			children = (
				C4F49F401B83014B001E62AD /* CanvasCropView.swift */,
				C44747801B8333EC0093F019 /* ShadeView.swift */,
				C44747821B8334300093F019 /* ControlPointView.swift */,
			);
			name = CropViews;
			sourceTree = "<group>";
		};
		C44CF0921B85B84D00D6C43E /* lib */ = {
			isa = PBXGroup;
			children = (
				C44CF0931B85B84D00D6C43E /* SwiftColorPicker */,
			);
			path = lib;
			sourceTree = "<group>";
		};
		C44CF0931B85B84D00D6C43E /* SwiftColorPicker */ = {
			isa = PBXGroup;
			children = (
				C44CF0941B85B84D00D6C43E /* ColorGradientView.swift */,
				C44CF0951B85B84D00D6C43E /* ColorLayer.swift */,
				C44CF0961B85B84D00D6C43E /* ColorPicker.swift */,
				C44CF0971B85B84D00D6C43E /* CrossHairView.swift */,
				C44CF0981B85B84D00D6C43E /* MainColorView.swift */,
				C44CF0991B85B84D00D6C43E /* SelectedColorView.swift */,
			);
			path = SwiftColorPicker;
			sourceTree = "<group>";
		};
		C458F59E1B54A5F600FC1235 /* DotPlacementGame */ = {
			isa = PBXGroup;
			children = (
				C458F5A01B54A62100FC1235 /* DotGameViewController.swift */,
				C458F5A21B54A6D500FC1235 /* DotGameScene.swift */,
				C458F5DE1B54C93100FC1235 /* DotSet.swift */,
				C458F5E01B54CD7B00FC1235 /* Dot.swift */,
				C458F5E21B54DE5800FC1235 /* DotStageLevelGenerator.swift */,
			);
			name = DotPlacementGame;
			sourceTree = "<group>";
		};
		C458F5A41B54AA5E00FC1235 /* ReferenceImage */ = {
			isa = PBXGroup;
			children = (
				C4918E3C1B6383D400539433 /* imagescreenshot */,
				C4918E3B1B63833100539433 /* Rectangle */,
				C458F5A51B54AA9500FC1235 /* ReferenceImageViewController.swift */,
				C458F5A71B54AB6000FC1235 /* CroppedRectangleManager.swift */,
				C4B6C76A1B563C7F0052BFC3 /* ReferenceImageScene.swift */,
				C4024B691B56CEE500761BB1 /* DrawDetailNavigationController.swift */,
			);
			name = ReferenceImage;
			sourceTree = "<group>";
		};
		C478D8431B1E3A2800FFF3D9 /* File */ = {
			isa = PBXGroup;
			children = (
				C404FA9F1B1AFB98004C2D8C /* FileManager.swift */,
			);
			name = File;
			sourceTree = "<group>";
		};
		C478D84E1B1F4C3A00FFF3D9 /* brushTexture */ = {
			isa = PBXGroup;
			children = (
				C478D84F1B1F4C3A00FFF3D9 /* brush1.png */,
				C478D8501B1F4C3A00FFF3D9 /* brush2.png */,
				C478D8511B1F4C3A00FFF3D9 /* Particle.png */,
			);
			path = brushTexture;
			sourceTree = "<group>";
		};
		C4918E3B1B63833100539433 /* Rectangle */ = {
			isa = PBXGroup;
			children = (
				C433EEB71B5BC13000D5175F /* SliceRect.swift */,
				C433EEB41B5BC05900D5175F /* ImageSlicedRectangles.swift */,
			);
			name = Rectangle;
			sourceTree = "<group>";
		};
		C4918E3C1B6383D400539433 /* imagescreenshot */ = {
			isa = PBXGroup;
			children = (
				C4918E3D1B6383F600539433 /* RefImgManager.swift */,
			);
			name = imagescreenshot;
			sourceTree = "<group>";
		};
		C4AE3C401B0CF52700C959C2 /* Record */ = {
			isa = PBXGroup;
			children = (
				C478D8431B1E3A2800FFF3D9 /* File */,
				C404FA9E1B1AF916004C2D8C /* PaintData */,
				C4AE3C4C1B0D1E8A00C959C2 /* CanvasInputHandler.swift */,
				C404FA9C1B1AF8F9004C2D8C /* PaintRecorder.swift */,
				C478D8571B20BD4400FFF3D9 /* PaintReplayer.swift */,
			);
			name = Record;
			path = Common;
			sourceTree = "<group>";
		};
		C4AE3C461B0CF62A00C959C2 /* Render */ = {
			isa = PBXGroup;
			children = (
				C4AE3C351B0CF26100C959C2 /* Painter.swift */,
			);
			name = Render;
			path = Common;
			sourceTree = "<group>";
		};
		C4AE3C471B0CF64200C959C2 /* Tool */ = {
			isa = PBXGroup;
			children = (
				C404FAA11B1AFDBB004C2D8C /* Data */,
				C493D38D1B0CEE76001AB262 /* PaintBrush.swift */,
				C404FA9A1B178EBD004C2D8C /* PaintToolManager.swift */,
			);
			name = Tool;
			path = Common;
			sourceTree = "<group>";
		};
		C4BD8CA61B274CCE000A20A4 /* Input */ = {
			isa = PBXGroup;
			children = (
				C4BD8CA71B274CE7000A20A4 /* TouchClassifier.swift */,
				C4EB7A831B86483A00A33651 /* CanvasPanGestureHandler.swift */,
				C4A0A9A51B8D3EFA00190A33 /* EdgeGestureHandler.swift */,
			);
			name = Input;
			path = ..;
			sourceTree = "<group>";
		};
		C4C5B9B61B0EFAC500D6AD4B /* GLFramework */ = {
			isa = PBXGroup;
			children = (
				C4C73BD41B5F1E98008C0D36 /* Painting Software */,
				C4B10D771B0E3FC0001BAAAB /* GLContextBuffer.swift */,
				C4C5B9B71B0EFB1200D6AD4B /* GLTransformation.swift */,
				C4C5B9B91B0EFB5400D6AD4B /* GLShaderBinder.swift */,
				C433EEBA1B5D332F00D5175F /* GLLine.swift */,
				C49E21661B5E3E6D00D5A821 /* GLRenderTextureFrameBuffer.swift */,
				C44609261B7A571A00C34D04 /* GLRect.swift */,
				C401FAEB1B8D6D9A00B6F177 /* GLRenderBuffer.swift */,
			);
			name = GLFramework;
			path = Common;
			sourceTree = "<group>";
		};
		C4C73BD41B5F1E98008C0D36 /* Painting Software */ = {
			isa = PBXGroup;
			children = (
				C4C73BD51B5F1EC8008C0D36 /* Layer.swift */,
			);
			name = "Painting Software";
			sourceTree = "<group>";
		};
		C4EB7A761B8600FC00A33651 /* Caption */ = {
			isa = PBXGroup;
			children = (
				C4EB7A771B86016100A33651 /* DialogueLine.swift */,
				C4EB7A791B86017500A33651 /* DialogueManager.swift */,
				C4EB7A7B1B86018300A33651 /* TypeWriter.swift */,
				C4EB7A7D1B86450F00A33651 /* Dialogue.swift */,
			);
			name = Caption;
			sourceTree = "<group>";
		};
		C4F1D2C51B8EB74B00634626 /* componentPlacementGame */ = {
			isa = PBXGroup;
			children = (
				C4F1D2D21B8EB9D200634626 /* GameLevelData.swift */,
				C4F1D2C61B8EB79000634626 /* FaceComponent.swift */,
				C4F1D2C71B8EB79000634626 /* FaceComponentSet.swift */,
				C4F1D2C81B8EB79000634626 /* FaceGameScene.swift */,
				C4F1D2C91B8EB79000634626 /* FaceGameStageLevelGenerator.swift */,
				C4F1D2CA1B8EB79000634626 /* FaceGameViewController.swift */,
			);
			name = componentPlacementGame;
			sourceTree = "<group>";
		};
		C4FFAB7A1B8B7947009282FF /* menu */ = {
			isa = PBXGroup;
			children = (
				C4FFAB7B1B8B7953009282FF /* training */,
			);
			name = menu;
			sourceTree = "<group>";
		};
		C4FFAB7B1B8B7953009282FF /* training */ = {
			isa = PBXGroup;
			children = (
				C4FFAB7C1B8B7987009282FF /* TutorialIntrodutionPageViewController.swift */,
			);
			name = training;
			sourceTree = "<group>";
		};
		D20662C41947D963001D2FAC /* Frameworks */ = {
			isa = PBXGroup;
			children = (
				C458F59B1B538D1900FC1235 /* opencv2.framework */,
				D2AB3AEB194536EB00655A34 /* OpenGL.framework */,
				D2EE43491953BF64007CC56F /* OpenGLES.framework */,
			);
			name = Frameworks;
			sourceTree = "<group>";
		};
		D2AB3AAB1944F05700655A34 = {
			isa = PBXGroup;
			children = (
				C4BD8CAC1B28434E000A20A4 /* SwiftGL-Demo-iOS.entitlements */,
				D2AB3ADF194500D900655A34 /* LICENSE */,
				D2AB3AE0194500D900655A34 /* README.md */,
				D2AB3AB71944F05700655A34 /* SwiftGL */,
				D2F663ED1ADD7607003C1925 /* SwiftGL-Demo */,
				D2AB3AC41944F05700655A34 /* SwiftGLTests */,
				D20662C41947D963001D2FAC /* Frameworks */,
				D2AB3AB61944F05700655A34 /* Products */,
			);
			sourceTree = "<group>";
		};
		D2AB3AB61944F05700655A34 /* Products */ = {
			isa = PBXGroup;
			children = (
				D2AB3AB51944F05700655A34 /* SwiftGL.framework */,
				D2AB3AC01944F05700655A34 /* SwiftGLTests.xctest */,
				D2EE432F1953BE91007CC56F /* SwiftGL.framework */,
				D2A18FDF1997F8E000830CA4 /* SwiftGL-Demo-OSX.app */,
				D2F663141ADD7417003C1925 /* SwiftGL-Demo-iOS.app */,
			);
			name = Products;
			sourceTree = "<group>";
		};
		D2AB3AB71944F05700655A34 /* SwiftGL */ = {
			isa = PBXGroup;
			children = (
				D2CA623219512D24007B2DC2 /* Constants.swift */,
				D2AB3AE71945263000655A34 /* Float.swift */,
				D2AB3AD11944F08E00655A34 /* Vec2.swift */,
				D2AB3AE3194501D300655A34 /* Vec3.swift */,
				D2AB3AE519450A4D00655A34 /* Vec4.swift */,
				D20662C01947D8D2001D2FAC /* Mat4.swift */,
				D2AD3C3119575EC700798AEE /* Color.swift */,
				D2AB3AE9194536CF00655A34 /* Shader.swift */,
				D2AB3AF11946795100655A34 /* Vbo.swift */,
				D2AB3AF319468EDA00655A34 /* Vao.swift */,
				D2B38FAE194E063800722470 /* Texture.swift */,
				D2AB3AB81944F05700655A34 /* Supporting Files */,
			);
			path = SwiftGL;
			sourceTree = "<group>";
		};
		D2AB3AB81944F05700655A34 /* Supporting Files */ = {
			isa = PBXGroup;
			children = (
				D2AB3AB91944F05700655A34 /* Info.plist */,
			);
			name = "Supporting Files";
			sourceTree = "<group>";
		};
		D2AB3AC41944F05700655A34 /* SwiftGLTests */ = {
			isa = PBXGroup;
			children = (
				D2AB3AC71944F05700655A34 /* SwiftGLTests.swift */,
				D2EE43541953E42F007CC56F /* GLTest.m */,
				D2AB3AC51944F05700655A34 /* Supporting Files */,
			);
			path = SwiftGLTests;
			sourceTree = "<group>";
		};
		D2AB3AC51944F05700655A34 /* Supporting Files */ = {
			isa = PBXGroup;
			children = (
				D2AB3AC61944F05700655A34 /* Info.plist */,
			);
			name = "Supporting Files";
			sourceTree = "<group>";
		};
		D2F663ED1ADD7607003C1925 /* SwiftGL-Demo */ = {
			isa = PBXGroup;
			children = (
				C44CF0921B85B84D00D6C43E /* lib */,
				D2F663EE1ADD7607003C1925 /* Resources */,
				D2F663FB1ADD7607003C1925 /* Shaders */,
				D2F664021ADD7607003C1925 /* Source */,
			);
			path = "SwiftGL-Demo";
			sourceTree = "<group>";
		};
		D2F663EE1ADD7607003C1925 /* Resources */ = {
			isa = PBXGroup;
			children = (
				D2F663EF1ADD7607003C1925 /* iOS */,
				D2F663F61ADD7607003C1925 /* OSX */,
			);
			path = Resources;
			sourceTree = "<group>";
		};
		D2F663EF1ADD7607003C1925 /* iOS */ = {
			isa = PBXGroup;
			children = (
				D2F663F01ADD7607003C1925 /* LaunchScreen.xib */,
				D2F663F21ADD7607003C1925 /* Main.storyboard */,
				D2F663F41ADD7607003C1925 /* Images.xcassets */,
				D2F663F51ADD7607003C1925 /* Info.plist */,
			);
			path = iOS;
			sourceTree = "<group>";
		};
		D2F663F61ADD7607003C1925 /* OSX */ = {
			isa = PBXGroup;
			children = (
				D2F663F71ADD7607003C1925 /* MainMenu.xib */,
				D2F663F91ADD7607003C1925 /* Images.xcassets */,
				D2F663FA1ADD7607003C1925 /* Info.plist */,
			);
			path = OSX;
			sourceTree = "<group>";
		};
		D2F663FB1ADD7607003C1925 /* Shaders */ = {
			isa = PBXGroup;
			children = (
				D2F663FC1ADD7607003C1925 /* iOS */,
				D2F663FF1ADD7607003C1925 /* OSX */,
			);
			path = Shaders;
			sourceTree = "<group>";
		};
		D2F663FC1ADD7607003C1925 /* iOS */ = {
			isa = PBXGroup;
			children = (
				C44BB0931B48E17D001B158A /* RenderTexture.fsh */,
				C44BB0941B48E17D001B158A /* RenderTexture.vsh */,
				C44BB08F1B48E0EF001B158A /* point.fsh */,
				C44BB0901B48E0EF001B158A /* point.vsh */,
				D2F663FE1ADD7607003C1925 /* DemoShader1.vsh */,
				D2F663FD1ADD7607003C1925 /* DemoShader1.fsh */,
				C442A8941B7B3B87000BB98F /* rect.fsh */,
				C442A8921B7B3B75000BB98F /* rect.vsh */,
			);
			path = iOS;
			sourceTree = "<group>";
		};
		D2F663FF1ADD7607003C1925 /* OSX */ = {
			isa = PBXGroup;
			children = (
				D2F664011ADD7607003C1925 /* DemoShader1.vsh */,
				D2F664001ADD7607003C1925 /* DemoShader1.fsh */,
			);
			path = OSX;
			sourceTree = "<group>";
		};
		D2F664021ADD7607003C1925 /* Source */ = {
			isa = PBXGroup;
			children = (
				C4FFAB7A1B8B7947009282FF /* menu */,
				C4EB7A761B8600FC00A33651 /* Caption */,
				C42468141B21E0250053CB5B /* UI */,
				C478D84E1B1F4C3A00FFF3D9 /* brushTexture */,
				C4C5B9B61B0EFAC500D6AD4B /* GLFramework */,
				C4AE3C471B0CF64200C959C2 /* Tool */,
				C4AE3C461B0CF62A00C959C2 /* Render */,
				C4AE3C401B0CF52700C959C2 /* Record */,
				D2EE434F1953DF1B007CC56F /* SwiftGLTests-Bridging-Header.h */,
				D2F664141ADD7607003C1925 /* SwiftGL-Demo-Bridging-Header.h */,
				D2F664031ADD7607003C1925 /* Common */,
				D2F664081ADD7607003C1925 /* iOS */,
				D2F6640B1ADD7607003C1925 /* OSX */,
			);
			path = Source;
			sourceTree = "<group>";
		};
		D2F664031ADD7607003C1925 /* Common */ = {
			isa = PBXGroup;
			children = (
				D2F664041ADD7607003C1925 /* DemoScene.swift */,
				D2F664051ADD7607003C1925 /* Engine.swift */,
				D2F664061ADD7607003C1925 /* Scene.swift */,
				D2F664071ADD7607003C1925 /* Vertex.swift */,
			);
			path = Common;
			sourceTree = "<group>";
		};
		D2F664081ADD7607003C1925 /* iOS */ = {
			isa = PBXGroup;
			children = (
				C4F1D2C51B8EB74B00634626 /* componentPlacementGame */,
				C4BD8CA61B274CCE000A20A4 /* Input */,
				C441B9B51B82FF330059427A /* Revise and Tag */,
				C458F5A41B54AA5E00FC1235 /* ReferenceImage */,
				C458F59E1B54A5F600FC1235 /* DotPlacementGame */,
				C46CB8671B0DA8BC008C378B /* PaintViewController.swift */,
				D2F664091ADD7607003C1925 /* AppDelegate.swift */,
				C46CB8651B0D9F33008C378B /* PaintView.swift */,
				C49404751B2A039500BB975E /* FileBrowseViewController.swift */,
				C49404781B2A0D7400BB975E /* SaveFileDialogViewController.swift */,
				C483067F1B4BFE15006743DC /* UIAlertManager.swift */,
				C4B4D4171B4E320D004B926D /* FileTableViewController.swift */,
			);
			path = iOS;
			sourceTree = "<group>";
		};
		D2F6640B1ADD7607003C1925 /* OSX */ = {
			isa = PBXGroup;
			children = (
				D2F664131ADD7607003C1925 /* main.swift */,
				D2F6640C1ADD7607003C1925 /* AppDelegate.swift */,
				D2F6640D1ADD7607003C1925 /* GLFullscreenWindow.swift */,
				D2F6640E1ADD7607003C1925 /* GLView.h */,
				D2F6640F1ADD7607003C1925 /* GLView.m */,
				D2F664121ADD7607003C1925 /* GLWindowController.swift */,
				D2F664101ADD7607003C1925 /* GLView.swift */,
				D2F664111ADD7607003C1925 /* GLWindowController.m */,
			);
			path = OSX;
			sourceTree = "<group>";
		};
/* End PBXGroup section */

/* Begin PBXHeadersBuildPhase section */
		D2AB3AB21944F05700655A34 /* Headers */ = {
			isa = PBXHeadersBuildPhase;
			buildActionMask = 2147483647;
			files = (
			);
			runOnlyForDeploymentPostprocessing = 0;
		};
		D2EE432C1953BE91007CC56F /* Headers */ = {
			isa = PBXHeadersBuildPhase;
			buildActionMask = 2147483647;
			files = (
			);
			runOnlyForDeploymentPostprocessing = 0;
		};
/* End PBXHeadersBuildPhase section */

/* Begin PBXNativeTarget section */
		D2A18FDE1997F8E000830CA4 /* SwiftGL-Demo-OSX */ = {
			isa = PBXNativeTarget;
			buildConfigurationList = D2A18FFD1997F8E100830CA4 /* Build configuration list for PBXNativeTarget "SwiftGL-Demo-OSX" */;
			buildPhases = (
				D2A18FDB1997F8E000830CA4 /* Sources */,
				D2A18FDC1997F8E000830CA4 /* Frameworks */,
				D2A18FDD1997F8E000830CA4 /* Resources */,
				D2A190211997F9C200830CA4 /* Embed Frameworks */,
			);
			buildRules = (
			);
			dependencies = (
				D2A190201997F9C100830CA4 /* PBXTargetDependency */,
			);
			name = "SwiftGL-Demo-OSX";
			productName = "SwiftGL-Demo";
			productReference = D2A18FDF1997F8E000830CA4 /* SwiftGL-Demo-OSX.app */;
			productType = "com.apple.product-type.application";
		};
		D2AB3AB41944F05700655A34 /* SwiftGL-OSX */ = {
			isa = PBXNativeTarget;
			buildConfigurationList = D2AB3ACB1944F05700655A34 /* Build configuration list for PBXNativeTarget "SwiftGL-OSX" */;
			buildPhases = (
				D2AB3AB01944F05700655A34 /* Sources */,
				D2AB3AB11944F05700655A34 /* Frameworks */,
				D2AB3AB21944F05700655A34 /* Headers */,
				D2AB3AB31944F05700655A34 /* Resources */,
			);
			buildRules = (
			);
			dependencies = (
			);
			name = "SwiftGL-OSX";
			productName = SwiftGL;
			productReference = D2AB3AB51944F05700655A34 /* SwiftGL.framework */;
			productType = "com.apple.product-type.framework";
		};
		D2AB3ABF1944F05700655A34 /* SwiftGLTests */ = {
			isa = PBXNativeTarget;
			buildConfigurationList = D2AB3ACE1944F05700655A34 /* Build configuration list for PBXNativeTarget "SwiftGLTests" */;
			buildPhases = (
				D2AB3ABC1944F05700655A34 /* Sources */,
				D2AB3ABD1944F05700655A34 /* Frameworks */,
				D2AB3ABE1944F05700655A34 /* Resources */,
			);
			buildRules = (
			);
			dependencies = (
				D2AB3AC31944F05700655A34 /* PBXTargetDependency */,
			);
			name = SwiftGLTests;
			productName = SwiftGLTests;
			productReference = D2AB3AC01944F05700655A34 /* SwiftGLTests.xctest */;
			productType = "com.apple.product-type.bundle.unit-test";
		};
		D2EE432E1953BE91007CC56F /* SwiftGL-iOS */ = {
			isa = PBXNativeTarget;
			buildConfigurationList = D2EE43461953BE91007CC56F /* Build configuration list for PBXNativeTarget "SwiftGL-iOS" */;
			buildPhases = (
				D2EE432A1953BE91007CC56F /* Sources */,
				D2EE432B1953BE91007CC56F /* Frameworks */,
				D2EE432C1953BE91007CC56F /* Headers */,
				D2EE432D1953BE91007CC56F /* Resources */,
			);
			buildRules = (
			);
			dependencies = (
			);
			name = "SwiftGL-iOS";
			productName = "SwiftGL-iOS";
			productReference = D2EE432F1953BE91007CC56F /* SwiftGL.framework */;
			productType = "com.apple.product-type.framework";
		};
		D2F663131ADD7417003C1925 /* SwiftGL-Demo-iOS */ = {
			isa = PBXNativeTarget;
			buildConfigurationList = D2F663381ADD7417003C1925 /* Build configuration list for PBXNativeTarget "SwiftGL-Demo-iOS" */;
			buildPhases = (
				D2F663101ADD7417003C1925 /* Sources */,
				D2F663111ADD7417003C1925 /* Frameworks */,
				D2F663121ADD7417003C1925 /* Resources */,
				D2F664491ADD7633003C1925 /* Embed Frameworks */,
			);
			buildRules = (
			);
			dependencies = (
				D2F664481ADD7633003C1925 /* PBXTargetDependency */,
			);
			name = "SwiftGL-Demo-iOS";
			productName = "SwiftGL-Demo-iOS";
			productReference = D2F663141ADD7417003C1925 /* SwiftGL-Demo-iOS.app */;
			productType = "com.apple.product-type.application";
		};
/* End PBXNativeTarget section */

/* Begin PBXProject section */
		D2AB3AAC1944F05700655A34 /* Project object */ = {
			isa = PBXProject;
			attributes = {
				LastSwiftMigration = 0700;
				LastSwiftUpdateCheck = 0700;
				LastUpgradeCheck = 0700;
				ORGANIZATIONNAME = "Jerry Chan";
				TargetAttributes = {
					D2A18FDE1997F8E000830CA4 = {
						CreatedOnToolsVersion = 6.0;
					};
					D2AB3AB41944F05700655A34 = {
						CreatedOnToolsVersion = 6.0;
					};
					D2AB3ABF1944F05700655A34 = {
						CreatedOnToolsVersion = 6.0;
						TestTargetID = D2AB3AB41944F05700655A34;
					};
					D2EE432E1953BE91007CC56F = {
						CreatedOnToolsVersion = 6.0;
						DevelopmentTeam = C2V9ET57N8;
					};
					D2F663131ADD7417003C1925 = {
						CreatedOnToolsVersion = 6.3;
						DevelopmentTeam = C2V9ET57N8;
						SystemCapabilities = {
							com.apple.Maps.iOS = {
								enabled = 0;
							};
							com.apple.iCloud = {
								enabled = 0;
							};
						};
					};
				};
			};
			buildConfigurationList = D2AB3AAF1944F05700655A34 /* Build configuration list for PBXProject "SwiftGL" */;
			compatibilityVersion = "Xcode 3.2";
			developmentRegion = English;
			hasScannedForEncodings = 0;
			knownRegions = (
				en,
				Base,
			);
			mainGroup = D2AB3AAB1944F05700655A34;
			productRefGroup = D2AB3AB61944F05700655A34 /* Products */;
			projectDirPath = "";
			projectRoot = "";
			targets = (
				D2AB3AB41944F05700655A34 /* SwiftGL-OSX */,
				D2A18FDE1997F8E000830CA4 /* SwiftGL-Demo-OSX */,
				D2EE432E1953BE91007CC56F /* SwiftGL-iOS */,
				D2F663131ADD7417003C1925 /* SwiftGL-Demo-iOS */,
				D2AB3ABF1944F05700655A34 /* SwiftGLTests */,
			);
		};
/* End PBXProject section */

/* Begin PBXResourcesBuildPhase section */
		D2A18FDD1997F8E000830CA4 /* Resources */ = {
			isa = PBXResourcesBuildPhase;
			buildActionMask = 2147483647;
			files = (
				D2F6641F1ADD7607003C1925 /* Images.xcassets in Resources */,
				D2F664291ADD7607003C1925 /* DemoShader1.vsh in Resources */,
				D2F664271ADD7607003C1925 /* DemoShader1.fsh in Resources */,
				C4CEB91D1B5F7C2E00EEDD9C /* MainMenu.xib in Resources */,
			);
			runOnlyForDeploymentPostprocessing = 0;
		};
		D2AB3AB31944F05700655A34 /* Resources */ = {
			isa = PBXResourcesBuildPhase;
			buildActionMask = 2147483647;
			files = (
				D2AB3AE1194500D900655A34 /* LICENSE in Resources */,
			);
			runOnlyForDeploymentPostprocessing = 0;
		};
		D2AB3ABE1944F05700655A34 /* Resources */ = {
			isa = PBXResourcesBuildPhase;
			buildActionMask = 2147483647;
			files = (
			);
			runOnlyForDeploymentPostprocessing = 0;
		};
		D2EE432D1953BE91007CC56F /* Resources */ = {
			isa = PBXResourcesBuildPhase;
			buildActionMask = 2147483647;
			files = (
				D262B81819663F6A004A2997 /* LICENSE in Resources */,
			);
			runOnlyForDeploymentPostprocessing = 0;
		};
		D2F663121ADD7417003C1925 /* Resources */ = {
			isa = PBXResourcesBuildPhase;
			buildActionMask = 2147483647;
			files = (
				C44BB0991B48E504001B158A /* point.fsh in Resources */,
				C44BB09E1B48E50E001B158A /* RenderTexture.vsh in Resources */,
				D2F664161ADD7607003C1925 /* LaunchScreen.xib in Resources */,
				C44BB09A1B48E504001B158A /* point.vsh in Resources */,
				D2F664181ADD7607003C1925 /* Main.storyboard in Resources */,
				C442A8951B7B3B87000BB98F /* rect.fsh in Resources */,
				C442A8931B7B3B75000BB98F /* rect.vsh in Resources */,
				D2F6641A1ADD7607003C1925 /* Images.xcassets in Resources */,
				C478D8531B1F4C3A00FFF3D9 /* brush2.png in Resources */,
				C478D8521B1F4C3A00FFF3D9 /* brush1.png in Resources */,
				D2F664261ADD7607003C1925 /* DemoShader1.vsh in Resources */,
				C44BB09D1B48E50E001B158A /* RenderTexture.fsh in Resources */,
				D2F664241ADD7607003C1925 /* DemoShader1.fsh in Resources */,
				C478D8541B1F4C3A00FFF3D9 /* Particle.png in Resources */,
			);
			runOnlyForDeploymentPostprocessing = 0;
		};
/* End PBXResourcesBuildPhase section */

/* Begin PBXSourcesBuildPhase section */
		D2A18FDB1997F8E000830CA4 /* Sources */ = {
			isa = PBXSourcesBuildPhase;
			buildActionMask = 2147483647;
			files = (
				C4AE3C381B0CF39000C959C2 /* DemoScene.swift in Sources */,
				D2F6643F1ADD7607003C1925 /* GLWindowController.m in Sources */,
				D2F664431ADD7607003C1925 /* main.swift in Sources */,
				D2F664391ADD7607003C1925 /* GLFullscreenWindow.swift in Sources */,
				D2F6643B1ADD7607003C1925 /* GLView.m in Sources */,
				D2F6643D1ADD7607003C1925 /* GLView.swift in Sources */,
				D2F664311ADD7607003C1925 /* Vertex.swift in Sources */,
				D2F664411ADD7607003C1925 /* GLWindowController.swift in Sources */,
				D2F6642D1ADD7607003C1925 /* Engine.swift in Sources */,
				D2F664371ADD7607003C1925 /* AppDelegate.swift in Sources */,
				D2F6642F1ADD7607003C1925 /* Scene.swift in Sources */,
			);
			runOnlyForDeploymentPostprocessing = 0;
		};
		D2AB3AB01944F05700655A34 /* Sources */ = {
			isa = PBXSourcesBuildPhase;
			buildActionMask = 2147483647;
			files = (
				D262B80B19663A52004A2997 /* Constants.swift in Sources */,
				D262B80C19663A52004A2997 /* Float.swift in Sources */,
				C4EB7A841B86483A00A33651 /* CanvasPanGestureHandler.swift in Sources */,
				D262B80D19663A52004A2997 /* Vec2.swift in Sources */,
				C433EEB51B5BC05900D5175F /* ImageSlicedRectangles.swift in Sources */,
				D262B80E19663A52004A2997 /* Vec3.swift in Sources */,
				D262B80F19663A52004A2997 /* Vec4.swift in Sources */,
				C4EB7A7E1B86450F00A33651 /* Dialogue.swift in Sources */,
				D262B81019663A52004A2997 /* Mat4.swift in Sources */,
				D262B81119663A52004A2997 /* Color.swift in Sources */,
				C433EEB81B5BC13000D5175F /* SliceRect.swift in Sources */,
				D262B81219663A52004A2997 /* Shader.swift in Sources */,
				C401FAEC1B8D6D9A00B6F177 /* GLRenderBuffer.swift in Sources */,
				D262B81319663A52004A2997 /* Vbo.swift in Sources */,
				C42468161B21E0520053CB5B /* AlertViewManager.swift in Sources */,
				C4EB7A7C1B86018300A33651 /* TypeWriter.swift in Sources */,
				D262B81419663A52004A2997 /* Vao.swift in Sources */,
				C433EEBB1B5D332F00D5175F /* GLLine.swift in Sources */,
				D262B81519663A52004A2997 /* Texture.swift in Sources */,
				C4EB7A7A1B86017500A33651 /* DialogueManager.swift in Sources */,
				C4EB7A781B86016100A33651 /* DialogueLine.swift in Sources */,
			);
			runOnlyForDeploymentPostprocessing = 0;
		};
		D2AB3ABC1944F05700655A34 /* Sources */ = {
			isa = PBXSourcesBuildPhase;
			buildActionMask = 2147483647;
			files = (
				D2EE43551953E42F007CC56F /* GLTest.m in Sources */,
				D2AB3AC81944F05700655A34 /* SwiftGLTests.swift in Sources */,
			);
			runOnlyForDeploymentPostprocessing = 0;
		};
		D2EE432A1953BE91007CC56F /* Sources */ = {
			isa = PBXSourcesBuildPhase;
			buildActionMask = 2147483647;
			files = (
				D262B7FE19663A37004A2997 /* Constants.swift in Sources */,
				D262B7FF19663A37004A2997 /* Float.swift in Sources */,
				C44CF0A61B85BC4300D6C43E /* ColorGradientView.swift in Sources */,
				D262B80019663A37004A2997 /* Vec2.swift in Sources */,
				D262B80119663A37004A2997 /* Vec3.swift in Sources */,
				D262B80219663A37004A2997 /* Vec4.swift in Sources */,
				D262B80319663A37004A2997 /* Mat4.swift in Sources */,
				C44A27991B5E21EB00A78C8E /* Texture.swift in Sources */,
				D262B80419663A37004A2997 /* Color.swift in Sources */,
				C44CF0AB1B85BC4300D6C43E /* SelectedColorView.swift in Sources */,
				C44CF0A81B85BC4300D6C43E /* ColorPicker.swift in Sources */,
				C44CF0A91B85BC4300D6C43E /* CrossHairView.swift in Sources */,
				D262B80519663A37004A2997 /* Shader.swift in Sources */,
				C44CF0A71B85BC4300D6C43E /* ColorLayer.swift in Sources */,
				C44CF0AA1B85BC4300D6C43E /* MainColorView.swift in Sources */,
				D262B80619663A37004A2997 /* Vbo.swift in Sources */,
				D262B80719663A37004A2997 /* Vao.swift in Sources */,
			);
			runOnlyForDeploymentPostprocessing = 0;
		};
		D2F663101ADD7417003C1925 /* Sources */ = {
			isa = PBXSourcesBuildPhase;
			buildActionMask = 2147483647;
			files = (
				C433EEB91B5BC13000D5175F /* SliceRect.swift in Sources */,
				C447477D1B8317120093F019 /* Revise.swift in Sources */,
				C48306801B4BFE15006743DC /* UIAlertManager.swift in Sources */,
				C49404771B2A045600BB975E /* FileBrowseViewController.swift in Sources */,
				C4EB7A811B8645D600A33651 /* DialogueManager.swift in Sources */,
				C4A0A9A61B8D3EFA00190A33 /* EdgeGestureHandler.swift in Sources */,
				C44CF0A01B85B86100D6C43E /* ColorGradientView.swift in Sources */,
				C4EB7A851B86483A00A33651 /* CanvasPanGestureHandler.swift in Sources */,
				D2F6642C1ADD7607003C1925 /* DemoScene.swift in Sources */,
				C458F5E11B54CD7B00FC1235 /* Dot.swift in Sources */,
				C4F1D2CF1B8EB79000634626 /* FaceGameStageLevelGenerator.swift in Sources */,
				C4FFAB7D1B8B7987009282FF /* TutorialIntrodutionPageViewController.swift in Sources */,
				C4F1D2CE1B8EB79000634626 /* FaceGameScene.swift in Sources */,
				C458F5E31B54DE5800FC1235 /* DotStageLevelGenerator.swift in Sources */,
				C44747831B8334300093F019 /* ControlPointView.swift in Sources */,
				C4A0A9A41B8C1E7200190A33 /* ReviseManager.swift in Sources */,
				C44609271B7A571A00C34D04 /* GLRect.swift in Sources */,
				C4C5B9BA1B0EFB5400D6AD4B /* GLShaderBinder.swift in Sources */,
				C4F1D2CC1B8EB79000634626 /* FaceComponent.swift in Sources */,
				C44CF0A41B85B86100D6C43E /* MainColorView.swift in Sources */,
				C433EEBC1B5D332F00D5175F /* GLLine.swift in Sources */,
				D2F664321ADD7607003C1925 /* Vertex.swift in Sources */,
				C46CB8681B0DA8BC008C378B /* PaintViewController.swift in Sources */,
				C458F5A81B54AB6000FC1235 /* CroppedRectangleManager.swift in Sources */,
				C4918E3E1B6383F600539433 /* RefImgManager.swift in Sources */,
				C478D8561B1F7F1900FFF3D9 /* PointData.swift in Sources */,
				C404FA9D1B1AF8F9004C2D8C /* PaintRecorder.swift in Sources */,
				C4B6C76C1B563CD50052BFC3 /* ReferenceImageScene.swift in Sources */,
				C4AE3C4B1B0D1DF900C959C2 /* PaintArtwork.swift in Sources */,
				C458F5A61B54AA9500FC1235 /* ReferenceImageViewController.swift in Sources */,
				C458F5A11B54A62100FC1235 /* DotGameViewController.swift in Sources */,
				C49404791B2A0D7400BB975E /* SaveFileDialogViewController.swift in Sources */,
				C404FAA31B1AFE01004C2D8C /* BrushTextureLoader.swift in Sources */,
				C46CB8661B0D9F33008C378B /* PaintView.swift in Sources */,
				C433EEB61B5BC05900D5175F /* ImageSlicedRectangles.swift in Sources */,
				C44CF0A11B85B86100D6C43E /* ColorLayer.swift in Sources */,
				C401FAED1B8D6D9A00B6F177 /* GLRenderBuffer.swift in Sources */,
				C4B10D791B0E3FC0001BAAAB /* GLContextBuffer.swift in Sources */,
				C44CF0A31B85B86100D6C43E /* CrossHairView.swift in Sources */,
				C4C5B9B81B0EFB1200D6AD4B /* GLTransformation.swift in Sources */,
				C4EB7A821B8645D600A33651 /* TypeWriter.swift in Sources */,
				C4F1D2CD1B8EB79000634626 /* FaceComponentSet.swift in Sources */,
				C4EB7A801B8645D200A33651 /* DialogueLine.swift in Sources */,
				C404FAA01B1AFB98004C2D8C /* FileManager.swift in Sources */,
				C4AE3C4D1B0D1E8A00C959C2 /* CanvasInputHandler.swift in Sources */,
				C447477E1B8317170093F019 /* AnnotationData.swift in Sources */,
				C404FA951B14601F004C2D8C /* PaintPoint.swift in Sources */,
				C4F1D2D01B8EB79000634626 /* FaceGameViewController.swift in Sources */,
				C44CF0A21B85B86100D6C43E /* ColorPicker.swift in Sources */,
				C404FA9B1B178EBD004C2D8C /* PaintToolManager.swift in Sources */,
				C4B4D4191B4E3211004B926D /* FileTableViewController.swift in Sources */,
				C4024B6B1B56CF2E00761BB1 /* DrawDetailNavigationController.swift in Sources */,
				D2F6642E1ADD7607003C1925 /* Engine.swift in Sources */,
				C4AE3C3E1B0CF42200C959C2 /* PaintBrush.swift in Sources */,
				C478D8581B20BD4400FFF3D9 /* PaintReplayer.swift in Sources */,
				C4F1D2D31B8EB9D200634626 /* GameLevelData.swift in Sources */,
				D2F664341ADD7607003C1925 /* AppDelegate.swift in Sources */,
				C44747811B8333EC0093F019 /* ShadeView.swift in Sources */,
				C4EB7A7F1B86450F00A33651 /* Dialogue.swift in Sources */,
				C458F5A31B54A6D500FC1235 /* DotGameScene.swift in Sources */,
				C4AE3C3C1B0CF41500C959C2 /* Painter.swift in Sources */,
				C49E21671B5E3E6D00D5A821 /* GLRenderTextureFrameBuffer.swift in Sources */,
				C44747781B83065E0093F019 /* CanvasCropView.swift in Sources */,
				C458F5DF1B54C93100FC1235 /* DotSet.swift in Sources */,
				C44CF0A51B85B86100D6C43E /* SelectedColorView.swift in Sources */,
				C4BD8CA91B274DA0000A20A4 /* TouchClassifier.swift in Sources */,
				C4AE3C4A1B0D1DF200C959C2 /* PaintStroke.swift in Sources */,
				D2F664301ADD7607003C1925 /* Scene.swift in Sources */,
				C4C73BD61B5F1EC8008C0D36 /* Layer.swift in Sources */,
			);
			runOnlyForDeploymentPostprocessing = 0;
		};
/* End PBXSourcesBuildPhase section */

/* Begin PBXTargetDependency section */
		D2A190201997F9C100830CA4 /* PBXTargetDependency */ = {
			isa = PBXTargetDependency;
			target = D2AB3AB41944F05700655A34 /* SwiftGL-OSX */;
			targetProxy = D2A1901F1997F9C100830CA4 /* PBXContainerItemProxy */;
		};
		D2AB3AC31944F05700655A34 /* PBXTargetDependency */ = {
			isa = PBXTargetDependency;
			target = D2AB3AB41944F05700655A34 /* SwiftGL-OSX */;
			targetProxy = D2AB3AC21944F05700655A34 /* PBXContainerItemProxy */;
		};
		D2F664481ADD7633003C1925 /* PBXTargetDependency */ = {
			isa = PBXTargetDependency;
			target = D2EE432E1953BE91007CC56F /* SwiftGL-iOS */;
			targetProxy = D2F664471ADD7633003C1925 /* PBXContainerItemProxy */;
		};
/* End PBXTargetDependency section */

/* Begin PBXVariantGroup section */
		D2F663F01ADD7607003C1925 /* LaunchScreen.xib */ = {
			isa = PBXVariantGroup;
			children = (
				D2F663F11ADD7607003C1925 /* Base */,
			);
			name = LaunchScreen.xib;
			sourceTree = "<group>";
		};
		D2F663F21ADD7607003C1925 /* Main.storyboard */ = {
			isa = PBXVariantGroup;
			children = (
				D2F663F31ADD7607003C1925 /* Base */,
			);
			name = Main.storyboard;
			sourceTree = "<group>";
		};
		D2F663F71ADD7607003C1925 /* MainMenu.xib */ = {
			isa = PBXVariantGroup;
			children = (
				D2F663F81ADD7607003C1925 /* Base */,
			);
			name = MainMenu.xib;
			sourceTree = "<group>";
		};
/* End PBXVariantGroup section */

/* Begin XCBuildConfiguration section */
		D2A18FF91997F8E100830CA4 /* Debug */ = {
			isa = XCBuildConfiguration;
			buildSettings = {
				ASSETCATALOG_COMPILER_APPICON_NAME = AppIcon;
				CODE_SIGN_IDENTITY = "-";
				COMBINE_HIDPI_IMAGES = YES;
				GCC_PREPROCESSOR_DEFINITIONS = (
					"DEBUG=1",
					"$(inherited)",
				);
				INFOPLIST_FILE = "$(SRCROOT)/SwiftGL-Demo/Resources/OSX/Info.plist";
				LD_RUNPATH_SEARCH_PATHS = "$(inherited) @executable_path/../Frameworks";
				MACOSX_DEPLOYMENT_TARGET = 10.10;
				MTL_ENABLE_DEBUG_INFO = YES;
				PRODUCT_BUNDLE_IDENTIFIER = "proj.swiftgl.demo.$(PRODUCT_NAME:rfc1034identifier)";
				PRODUCT_NAME = "$(TARGET_NAME)";
				SDKROOT = macosx;
				SWIFT_OBJC_BRIDGING_HEADER = "SwiftGL-Demo/Source/SwiftGL-Demo-Bridging-Header.h";
			};
			name = Debug;
		};
		D2A18FFA1997F8E100830CA4 /* Release */ = {
			isa = XCBuildConfiguration;
			buildSettings = {
				ASSETCATALOG_COMPILER_APPICON_NAME = AppIcon;
				CODE_SIGN_IDENTITY = "-";
				COMBINE_HIDPI_IMAGES = YES;
				INFOPLIST_FILE = "$(SRCROOT)/SwiftGL-Demo/Resources/OSX/Info.plist";
				LD_RUNPATH_SEARCH_PATHS = "$(inherited) @executable_path/../Frameworks";
				MACOSX_DEPLOYMENT_TARGET = 10.10;
				MTL_ENABLE_DEBUG_INFO = NO;
				PRODUCT_BUNDLE_IDENTIFIER = "proj.swiftgl.demo.$(PRODUCT_NAME:rfc1034identifier)";
				PRODUCT_NAME = "$(TARGET_NAME)";
				SDKROOT = macosx;
				SWIFT_OBJC_BRIDGING_HEADER = "SwiftGL-Demo/Source/SwiftGL-Demo-Bridging-Header.h";
			};
			name = Release;
		};
		D2AB3AC91944F05700655A34 /* Debug */ = {
			isa = XCBuildConfiguration;
			buildSettings = {
				ALWAYS_SEARCH_USER_PATHS = NO;
				CLANG_CXX_LANGUAGE_STANDARD = "gnu++0x";
				CLANG_CXX_LIBRARY = "libc++";
				CLANG_ENABLE_MODULES = YES;
				CLANG_ENABLE_OBJC_ARC = YES;
				CLANG_WARN_BOOL_CONVERSION = YES;
				CLANG_WARN_CONSTANT_CONVERSION = YES;
				CLANG_WARN_DIRECT_OBJC_ISA_USAGE = YES_ERROR;
				CLANG_WARN_EMPTY_BODY = YES;
				CLANG_WARN_ENUM_CONVERSION = YES;
				CLANG_WARN_INT_CONVERSION = YES;
				CLANG_WARN_OBJC_ROOT_CLASS = YES_ERROR;
				CLANG_WARN_UNREACHABLE_CODE = YES;
				CLANG_WARN__DUPLICATE_METHOD_MATCH = YES;
				COPY_PHASE_STRIP = NO;
				CURRENT_PROJECT_VERSION = 1;
				ENABLE_STRICT_OBJC_MSGSEND = YES;
				ENABLE_TESTABILITY = YES;
				GCC_C_LANGUAGE_STANDARD = gnu99;
				GCC_DYNAMIC_NO_PIC = NO;
				GCC_OPTIMIZATION_LEVEL = 0;
				GCC_PREPROCESSOR_DEFINITIONS = (
					"DEBUG=1",
					"$(inherited)",
				);
				GCC_SYMBOLS_PRIVATE_EXTERN = NO;
				GCC_WARN_64_TO_32_BIT_CONVERSION = YES;
				GCC_WARN_ABOUT_RETURN_TYPE = YES_ERROR;
				GCC_WARN_UNDECLARED_SELECTOR = YES;
				GCC_WARN_UNINITIALIZED_AUTOS = YES_AGGRESSIVE;
				GCC_WARN_UNUSED_FUNCTION = YES;
				GCC_WARN_UNUSED_VARIABLE = YES;
				INFOPLIST_FILE = SwiftGL/Info.plist;
				IPHONEOS_DEPLOYMENT_TARGET = 8.4;
				MACOSX_DEPLOYMENT_TARGET = 10.9;
				METAL_ENABLE_DEBUG_INFO = YES;
				ONLY_ACTIVE_ARCH = YES;
				PRODUCT_NAME = SwiftGL;
				VERSIONING_SYSTEM = "apple-generic";
				VERSION_INFO_PREFIX = "";
			};
			name = Debug;
		};
		D2AB3ACA1944F05700655A34 /* Release */ = {
			isa = XCBuildConfiguration;
			buildSettings = {
				ALWAYS_SEARCH_USER_PATHS = NO;
				CLANG_CXX_LANGUAGE_STANDARD = "gnu++0x";
				CLANG_CXX_LIBRARY = "libc++";
				CLANG_ENABLE_MODULES = YES;
				CLANG_ENABLE_OBJC_ARC = YES;
				CLANG_WARN_BOOL_CONVERSION = YES;
				CLANG_WARN_CONSTANT_CONVERSION = YES;
				CLANG_WARN_DIRECT_OBJC_ISA_USAGE = YES_ERROR;
				CLANG_WARN_EMPTY_BODY = YES;
				CLANG_WARN_ENUM_CONVERSION = YES;
				CLANG_WARN_INT_CONVERSION = YES;
				CLANG_WARN_OBJC_ROOT_CLASS = YES_ERROR;
				CLANG_WARN_UNREACHABLE_CODE = YES;
				CLANG_WARN__DUPLICATE_METHOD_MATCH = YES;
				COPY_PHASE_STRIP = YES;
				CURRENT_PROJECT_VERSION = 1;
				DEBUG_INFORMATION_FORMAT = "dwarf-with-dsym";
				ENABLE_NS_ASSERTIONS = NO;
				ENABLE_STRICT_OBJC_MSGSEND = YES;
				GCC_C_LANGUAGE_STANDARD = gnu99;
				GCC_WARN_64_TO_32_BIT_CONVERSION = YES;
				GCC_WARN_ABOUT_RETURN_TYPE = YES_ERROR;
				GCC_WARN_UNDECLARED_SELECTOR = YES;
				GCC_WARN_UNINITIALIZED_AUTOS = YES_AGGRESSIVE;
				GCC_WARN_UNUSED_FUNCTION = YES;
				GCC_WARN_UNUSED_VARIABLE = YES;
				INFOPLIST_FILE = SwiftGL/Info.plist;
				IPHONEOS_DEPLOYMENT_TARGET = 8.4;
				MACOSX_DEPLOYMENT_TARGET = 10.9;
				METAL_ENABLE_DEBUG_INFO = NO;
				PRODUCT_NAME = SwiftGL;
				SWIFT_DISABLE_SAFETY_CHECKS = YES;
				SWIFT_OPTIMIZATION_LEVEL = "-O";
				VERSIONING_SYSTEM = "apple-generic";
				VERSION_INFO_PREFIX = "";
			};
			name = Release;
		};
		D2AB3ACC1944F05700655A34 /* Debug */ = {
			isa = XCBuildConfiguration;
			buildSettings = {
				CLANG_ENABLE_MODULES = YES;
				CODE_SIGN_IDENTITY = "-";
				COMBINE_HIDPI_IMAGES = YES;
				DEFINES_MODULE = YES;
				DYLIB_COMPATIBILITY_VERSION = 1;
				DYLIB_CURRENT_VERSION = 1;
				DYLIB_INSTALL_NAME_BASE = "@rpath";
				FRAMEWORK_SEARCH_PATHS = (
					"$(inherited)",
					"$(PROJECT_DIR)/framework",
				);
				FRAMEWORK_VERSION = A;
				INSTALL_PATH = "$(LOCAL_LIBRARY_DIR)/Frameworks";
				LD_RUNPATH_SEARCH_PATHS = "$(inherited) @executable_path/../Frameworks @loader_path/../Frameworks";
				PRODUCT_BUNDLE_IDENTIFIER = "com.easyman.PaintRecord$(PRODUCT_NAME:rfc1034identifier)";
				SDKROOT = macosx;
				SKIP_INSTALL = YES;
				SWIFT_OPTIMIZATION_LEVEL = "-Onone";
			};
			name = Debug;
		};
		D2AB3ACD1944F05700655A34 /* Release */ = {
			isa = XCBuildConfiguration;
			buildSettings = {
				CLANG_ENABLE_MODULES = YES;
				CODE_SIGN_IDENTITY = "-";
				COMBINE_HIDPI_IMAGES = YES;
				DEFINES_MODULE = YES;
				DYLIB_COMPATIBILITY_VERSION = 1;
				DYLIB_CURRENT_VERSION = 1;
				DYLIB_INSTALL_NAME_BASE = "@rpath";
				FRAMEWORK_SEARCH_PATHS = (
					"$(inherited)",
					"$(PROJECT_DIR)/framework",
				);
				FRAMEWORK_VERSION = A;
				INSTALL_PATH = "$(LOCAL_LIBRARY_DIR)/Frameworks";
				LD_RUNPATH_SEARCH_PATHS = "$(inherited) @executable_path/../Frameworks @loader_path/../Frameworks";
				PRODUCT_BUNDLE_IDENTIFIER = "com.easyman.PaintRecord$(PRODUCT_NAME:rfc1034identifier)";
				SDKROOT = macosx;
				SKIP_INSTALL = YES;
			};
			name = Release;
		};
		D2AB3ACF1944F05700655A34 /* Debug */ = {
			isa = XCBuildConfiguration;
			buildSettings = {
				CLANG_ENABLE_MODULES = YES;
				COMBINE_HIDPI_IMAGES = YES;
				FRAMEWORK_SEARCH_PATHS = (
					"$(DEVELOPER_FRAMEWORKS_DIR)",
					"$(inherited)",
				);
				GCC_PREPROCESSOR_DEFINITIONS = (
					"DEBUG=1",
					"$(inherited)",
				);
				INFOPLIST_FILE = SwiftGLTests/Info.plist;
				LD_RUNPATH_SEARCH_PATHS = "$(inherited) @executable_path/../Frameworks @loader_path/../Frameworks";
				METAL_ENABLE_DEBUG_INFO = YES;
				PRODUCT_BUNDLE_IDENTIFIER = "proj.catalyst.${PRODUCT_NAME:rfc1034identifier}";
				PRODUCT_NAME = "$(TARGET_NAME)";
				SWIFT_OBJC_BRIDGING_HEADER = "SwiftGLTests/SwiftGLTests-Bridging-Header.h";
			};
			name = Debug;
		};
		D2AB3AD01944F05700655A34 /* Release */ = {
			isa = XCBuildConfiguration;
			buildSettings = {
				CLANG_ENABLE_MODULES = YES;
				COMBINE_HIDPI_IMAGES = YES;
				FRAMEWORK_SEARCH_PATHS = (
					"$(DEVELOPER_FRAMEWORKS_DIR)",
					"$(inherited)",
				);
				INFOPLIST_FILE = SwiftGLTests/Info.plist;
				LD_RUNPATH_SEARCH_PATHS = "$(inherited) @executable_path/../Frameworks @loader_path/../Frameworks";
				METAL_ENABLE_DEBUG_INFO = NO;
				PRODUCT_BUNDLE_IDENTIFIER = "proj.catalyst.${PRODUCT_NAME:rfc1034identifier}";
				PRODUCT_NAME = "$(TARGET_NAME)";
				SWIFT_OBJC_BRIDGING_HEADER = "SwiftGLTests/SwiftGLTests-Bridging-Header.h";
			};
			name = Release;
		};
		D2EE43421953BE91007CC56F /* Debug */ = {
			isa = XCBuildConfiguration;
			buildSettings = {
				APPLICATION_EXTENSION_API_ONLY = NO;
				CLANG_ENABLE_MODULES = YES;
				CODE_SIGN_IDENTITY = "iPhone Developer";
				DEFINES_MODULE = YES;
				DYLIB_COMPATIBILITY_VERSION = 1;
				DYLIB_CURRENT_VERSION = 1;
				DYLIB_INSTALL_NAME_BASE = "@rpath";
				INSTALL_PATH = "$(LOCAL_LIBRARY_DIR)/Frameworks";
				IPHONEOS_DEPLOYMENT_TARGET = 8.2;
				LD_RUNPATH_SEARCH_PATHS = "$(inherited) @executable_path/Frameworks @loader_path/Frameworks";
				METAL_ENABLE_DEBUG_INFO = YES;
				PRODUCT_BUNDLE_IDENTIFIER = com.easyman.swiftgl;
				SDKROOT = iphoneos;
				SKIP_INSTALL = YES;
				SWIFT_OPTIMIZATION_LEVEL = "-Onone";
				TARGETED_DEVICE_FAMILY = 2;
			};
			name = Debug;
		};
		D2EE43431953BE91007CC56F /* Release */ = {
			isa = XCBuildConfiguration;
			buildSettings = {
				APPLICATION_EXTENSION_API_ONLY = NO;
				CLANG_ENABLE_MODULES = YES;
				CODE_SIGN_IDENTITY = "iPhone Developer";
				DEFINES_MODULE = YES;
				DYLIB_COMPATIBILITY_VERSION = 1;
				DYLIB_CURRENT_VERSION = 1;
				DYLIB_INSTALL_NAME_BASE = "@rpath";
				INSTALL_PATH = "$(LOCAL_LIBRARY_DIR)/Frameworks";
				IPHONEOS_DEPLOYMENT_TARGET = 8.2;
				LD_RUNPATH_SEARCH_PATHS = "$(inherited) @executable_path/Frameworks @loader_path/Frameworks";
				METAL_ENABLE_DEBUG_INFO = NO;
				PRODUCT_BUNDLE_IDENTIFIER = com.easyman.swiftgl;
				SDKROOT = iphoneos;
				SKIP_INSTALL = YES;
				TARGETED_DEVICE_FAMILY = 2;
				VALIDATE_PRODUCT = YES;
			};
			name = Release;
		};
		D2F663341ADD7417003C1925 /* Debug */ = {
			isa = XCBuildConfiguration;
			buildSettings = {
				ASSETCATALOG_COMPILER_APPICON_NAME = AppIcon;
				CODE_SIGN_IDENTITY = "iPhone Developer";
				"CODE_SIGN_IDENTITY[sdk=iphoneos*]" = "iPhone Developer";
				DEBUG_INFORMATION_FORMAT = "dwarf-with-dsym";
				FRAMEWORK_SEARCH_PATHS = (
					"$(inherited)",
					"$(PROJECT_DIR)/framework",
				);
				GCC_NO_COMMON_BLOCKS = YES;
				GCC_PREPROCESSOR_DEFINITIONS = (
					"DEBUG=1",
					"$(inherited)",
				);
				INFOPLIST_FILE = "$(SRCROOT)/SwiftGL-Demo/Resources/iOS/Info.plist";
				LD_RUNPATH_SEARCH_PATHS = "$(inherited) @executable_path/Frameworks";
				MTL_ENABLE_DEBUG_INFO = YES;
				PRODUCT_BUNDLE_IDENTIFIER = com.easyman.painttool;
				PRODUCT_NAME = "$(TARGET_NAME)";
				PROVISIONING_PROFILE = "";
				SDKROOT = iphoneos;
				SWIFT_OPTIMIZATION_LEVEL = "-Onone";
				TARGETED_DEVICE_FAMILY = 2;
			};
			name = Debug;
		};
		D2F663351ADD7417003C1925 /* Release */ = {
			isa = XCBuildConfiguration;
			buildSettings = {
				ASSETCATALOG_COMPILER_APPICON_NAME = AppIcon;
				"CODE_SIGN_ENTITLEMENTS[sdk=iphoneos8.3]" = "";
				CODE_SIGN_IDENTITY = "iPhone Developer";
				"CODE_SIGN_IDENTITY[sdk=iphoneos*]" = "iPhone Developer";
				COPY_PHASE_STRIP = NO;
				FRAMEWORK_SEARCH_PATHS = (
					"$(inherited)",
					"$(PROJECT_DIR)/framework",
				);
				GCC_NO_COMMON_BLOCKS = YES;
				INFOPLIST_FILE = "$(SRCROOT)/SwiftGL-Demo/Resources/iOS/Info.plist";
				LD_RUNPATH_SEARCH_PATHS = "$(inherited) @executable_path/Frameworks";
				MTL_ENABLE_DEBUG_INFO = NO;
				PRODUCT_BUNDLE_IDENTIFIER = com.easyman.painttool;
				PRODUCT_NAME = "$(TARGET_NAME)";
				PROVISIONING_PROFILE = "";
				SDKROOT = iphoneos;
				TARGETED_DEVICE_FAMILY = 2;
				VALIDATE_PRODUCT = YES;
			};
			name = Release;
		};
/* End XCBuildConfiguration section */

/* Begin XCConfigurationList section */
		D2A18FFD1997F8E100830CA4 /* Build configuration list for PBXNativeTarget "SwiftGL-Demo-OSX" */ = {
			isa = XCConfigurationList;
			buildConfigurations = (
				D2A18FF91997F8E100830CA4 /* Debug */,
				D2A18FFA1997F8E100830CA4 /* Release */,
			);
			defaultConfigurationIsVisible = 0;
			defaultConfigurationName = Release;
		};
		D2AB3AAF1944F05700655A34 /* Build configuration list for PBXProject "SwiftGL" */ = {
			isa = XCConfigurationList;
			buildConfigurations = (
				D2AB3AC91944F05700655A34 /* Debug */,
				D2AB3ACA1944F05700655A34 /* Release */,
			);
			defaultConfigurationIsVisible = 0;
			defaultConfigurationName = Release;
		};
		D2AB3ACB1944F05700655A34 /* Build configuration list for PBXNativeTarget "SwiftGL-OSX" */ = {
			isa = XCConfigurationList;
			buildConfigurations = (
				D2AB3ACC1944F05700655A34 /* Debug */,
				D2AB3ACD1944F05700655A34 /* Release */,
			);
			defaultConfigurationIsVisible = 0;
			defaultConfigurationName = Release;
		};
		D2AB3ACE1944F05700655A34 /* Build configuration list for PBXNativeTarget "SwiftGLTests" */ = {
			isa = XCConfigurationList;
			buildConfigurations = (
				D2AB3ACF1944F05700655A34 /* Debug */,
				D2AB3AD01944F05700655A34 /* Release */,
			);
			defaultConfigurationIsVisible = 0;
			defaultConfigurationName = Release;
		};
		D2EE43461953BE91007CC56F /* Build configuration list for PBXNativeTarget "SwiftGL-iOS" */ = {
			isa = XCConfigurationList;
			buildConfigurations = (
				D2EE43421953BE91007CC56F /* Debug */,
				D2EE43431953BE91007CC56F /* Release */,
			);
			defaultConfigurationIsVisible = 0;
			defaultConfigurationName = Release;
		};
		D2F663381ADD7417003C1925 /* Build configuration list for PBXNativeTarget "SwiftGL-Demo-iOS" */ = {
			isa = XCConfigurationList;
			buildConfigurations = (
				D2F663341ADD7417003C1925 /* Debug */,
				D2F663351ADD7417003C1925 /* Release */,
			);
			defaultConfigurationIsVisible = 0;
			defaultConfigurationName = Release;
		};
/* End XCConfigurationList section */
	};
	rootObject = D2AB3AAC1944F05700655A34 /* Project object */;
}
